// !$*UTF8*$!
{
	archiveVersion = 1;
	classes = {
	};
	objectVersion = 54;
	objects = {

/* Begin PBXBuildFile section */
		2CE3746928FD374B007E30AB /* BoltDeliveryInfo.plist in Resources */ = {isa = PBXBuildFile; fileRef = 2CE3746828FD3748007E30AB /* BoltDeliveryInfo.plist */; };
		841D1EDF27B5230400010C7E /* AppDelegate.m in Sources */ = {isa = PBXBuildFile; fileRef = 13B07FB01A68108700A75B9A /* AppDelegate.m */; };
		841D1EE127B5230400010C7E /* main.m in Sources */ = {isa = PBXBuildFile; fileRef = 13B07FB71A68108700A75B9A /* main.m */; };
		841D1EF427B5230400010C7E /* LaunchScreen.storyboard in Resources */ = {isa = PBXBuildFile; fileRef = 81AB9BB72411601600AC10FF /* LaunchScreen.storyboard */; };
		841D1EF627B5230400010C7E /* Images.xcassets in Resources */ = {isa = PBXBuildFile; fileRef = 13B07FB51A68108700A75B9A /* Images.xcassets */; };
		841D1EF727B5230400010C7E /* campton-light.ttf in Resources */ = {isa = PBXBuildFile; fileRef = 84CE2BC426E9E6D20066EEEE /* campton-light.ttf */; };
		841D1EF827B5230400010C7E /* campton-medium.ttf in Resources */ = {isa = PBXBuildFile; fileRef = 84CE2BC626E9E6D20066EEEE /* campton-medium.ttf */; };
		841D1EF927B5230400010C7E /* notification.mp3 in Resources */ = {isa = PBXBuildFile; fileRef = 84C27C3E270EFAF100C30CA4 /* notification.mp3 */; };
		841D1EFA27B5230400010C7E /* campton-book.ttf in Resources */ = {isa = PBXBuildFile; fileRef = 84CE2BC526E9E6D20066EEEE /* campton-book.ttf */; };
		841D1EFF27B5230400010C7E /* campton-semibold.ttf in Resources */ = {isa = PBXBuildFile; fileRef = 84CE2BC326E9E6D20066EEEE /* campton-semibold.ttf */; };
		841D22B427B526A500010C7E /* BoltDelivery(Development).xcconfig in Resources */ = {isa = PBXBuildFile; fileRef = 841D22B327B526A500010C7E /* BoltDelivery(Development).xcconfig */; };
		841D237027B526CC00010C7E /* BoltDelivery(Production).xcconfig in Resources */ = {isa = PBXBuildFile; fileRef = 841D236F27B526CC00010C7E /* BoltDelivery(Production).xcconfig */; };
		841D237227B526E500010C7E /* Images.xcassets in Resources */ = {isa = PBXBuildFile; fileRef = 841D237127B526E500010C7E /* Images.xcassets */; };
		841D24EA27B5295100010C7E /* GoogleService-Info.plist in Resources */ = {isa = PBXBuildFile; fileRef = 841D24E927B5295000010C7E /* GoogleService-Info.plist */; };
		84961B9B27EB05D700B58C31 /* RoyoDriverApp.swift in Sources */ = {isa = PBXBuildFile; fileRef = 84961AE127EB05D300B58C31 /* RoyoDriverApp.swift */; };
		C920A069FAD3F94D069F2D32 /* libPods-available_pods-BoltDelivery.a in Frameworks */ = {isa = PBXBuildFile; fileRef = 90DD1BF9EFC781E128590975 /* libPods-available_pods-BoltDelivery.a */; };
/* End PBXBuildFile section */

/* Begin PBXFileReference section */
		13B07FAF1A68108700A75B9A /* AppDelegate.h */ = {isa = PBXFileReference; fileEncoding = 4; lastKnownFileType = sourcecode.c.h; name = AppDelegate.h; path = RoyoDriverApp/AppDelegate.h; sourceTree = "<group>"; };
		13B07FB01A68108700A75B9A /* AppDelegate.m */ = {isa = PBXFileReference; fileEncoding = 4; lastKnownFileType = sourcecode.c.objc; name = AppDelegate.m; path = RoyoDriverApp/AppDelegate.m; sourceTree = "<group>"; };
		13B07FB51A68108700A75B9A /* Images.xcassets */ = {isa = PBXFileReference; lastKnownFileType = folder.assetcatalog; name = Images.xcassets; path = RoyoDriverApp/Images.xcassets; sourceTree = "<group>"; };
		13B07FB71A68108700A75B9A /* main.m */ = {isa = PBXFileReference; fileEncoding = 4; lastKnownFileType = sourcecode.c.objc; name = main.m; path = RoyoDriverApp/main.m; sourceTree = "<group>"; };
		2CE3746828FD3748007E30AB /* BoltDeliveryInfo.plist */ = {isa = PBXFileReference; lastKnownFileType = text.plist.xml; path = BoltDeliveryInfo.plist; sourceTree = "<group>"; };
		5F5517F089937D3EF3318F08 /* Pods-available_pods-BoltDelivery.debug.xcconfig */ = {isa = PBXFileReference; includeInIndex = 1; lastKnownFileType = text.xcconfig; name = "Pods-available_pods-BoltDelivery.debug.xcconfig"; path = "Target Support Files/Pods-available_pods-BoltDelivery/Pods-available_pods-BoltDelivery.debug.xcconfig"; sourceTree = "<group>"; };
		81AB9BB72411601600AC10FF /* LaunchScreen.storyboard */ = {isa = PBXFileReference; fileEncoding = 4; lastKnownFileType = file.storyboard; name = LaunchScreen.storyboard; path = RoyoDriverApp/LaunchScreen.storyboard; sourceTree = "<group>"; };
		841D1F0627B5230400010C7E /* BoltDelivery.app */ = {isa = PBXFileReference; explicitFileType = wrapper.application; includeInIndex = 0; path = BoltDelivery.app; sourceTree = BUILT_PRODUCTS_DIR; };
		841D22B327B526A500010C7E /* BoltDelivery(Development).xcconfig */ = {isa = PBXFileReference; lastKnownFileType = text.xcconfig; path = "BoltDelivery(Development).xcconfig"; sourceTree = "<group>"; };
		841D236F27B526CC00010C7E /* BoltDelivery(Production).xcconfig */ = {isa = PBXFileReference; lastKnownFileType = text.xcconfig; path = "BoltDelivery(Production).xcconfig"; sourceTree = "<group>"; };
		841D237127B526E500010C7E /* Images.xcassets */ = {isa = PBXFileReference; lastKnownFileType = folder.assetcatalog; path = Images.xcassets; sourceTree = "<group>"; };
		841D24E927B5295000010C7E /* GoogleService-Info.plist */ = {isa = PBXFileReference; fileEncoding = 4; lastKnownFileType = text.plist.xml; path = "GoogleService-Info.plist"; sourceTree = "<group>"; };
		845B37B527CCF974005FF576 /* GoogleService-Info.plist */ = {isa = PBXFileReference; fileEncoding = 4; lastKnownFileType = text.plist.xml; path = "GoogleService-Info.plist"; sourceTree = "<group>"; };
		847EFFCC270AE8FA004251BE /* RoyoDriverAppRelease.entitlements */ = {isa = PBXFileReference; lastKnownFileType = text.plist.entitlements; name = RoyoDriverAppRelease.entitlements; path = RoyoDriverApp/RoyoDriverAppRelease.entitlements; sourceTree = "<group>"; };
		84961AE127EB05D300B58C31 /* RoyoDriverApp.swift */ = {isa = PBXFileReference; lastKnownFileType = sourcecode.swift; path = RoyoDriverApp.swift; sourceTree = "<group>"; };
		84961CAA27EB061C00B58C31 /* RoyoDriverApp-Bridging-Header.h */ = {isa = PBXFileReference; lastKnownFileType = sourcecode.c.h; path = "RoyoDriverApp-Bridging-Header.h"; sourceTree = "<group>"; };
		84C27C3E270EFAF100C30CA4 /* notification.mp3 */ = {isa = PBXFileReference; lastKnownFileType = audio.mp3; path = notification.mp3; sourceTree = "<group>"; };
		84CE2BC326E9E6D20066EEEE /* campton-semibold.ttf */ = {isa = PBXFileReference; lastKnownFileType = file; path = "campton-semibold.ttf"; sourceTree = "<group>"; };
		84CE2BC426E9E6D20066EEEE /* campton-light.ttf */ = {isa = PBXFileReference; lastKnownFileType = file; path = "campton-light.ttf"; sourceTree = "<group>"; };
		84CE2BC526E9E6D20066EEEE /* campton-book.ttf */ = {isa = PBXFileReference; lastKnownFileType = file; path = "campton-book.ttf"; sourceTree = "<group>"; };
		84CE2BC626E9E6D20066EEEE /* campton-medium.ttf */ = {isa = PBXFileReference; lastKnownFileType = file; path = "campton-medium.ttf"; sourceTree = "<group>"; };
		90DD1BF9EFC781E128590975 /* libPods-available_pods-BoltDelivery.a */ = {isa = PBXFileReference; explicitFileType = archive.ar; includeInIndex = 0; path = "libPods-available_pods-BoltDelivery.a"; sourceTree = BUILT_PRODUCTS_DIR; };
		9C09EA7A56A9FF517642F140 /* Pods-available_pods-BoltDelivery.release.xcconfig */ = {isa = PBXFileReference; includeInIndex = 1; lastKnownFileType = text.xcconfig; name = "Pods-available_pods-BoltDelivery.release.xcconfig"; path = "Target Support Files/Pods-available_pods-BoltDelivery/Pods-available_pods-BoltDelivery.release.xcconfig"; sourceTree = "<group>"; };
		ED297162215061F000B7C4FE /* JavaScriptCore.framework */ = {isa = PBXFileReference; lastKnownFileType = wrapper.framework; name = JavaScriptCore.framework; path = System/Library/Frameworks/JavaScriptCore.framework; sourceTree = SDKROOT; };
/* End PBXFileReference section */

/* Begin PBXFrameworksBuildPhase section */
		841D1EE227B5230400010C7E /* Frameworks */ = {
			isa = PBXFrameworksBuildPhase;
			buildActionMask = 2147483647;
			files = (
				C920A069FAD3F94D069F2D32 /* libPods-available_pods-BoltDelivery.a in Frameworks */,
			);
			runOnlyForDeploymentPostprocessing = 0;
		};
/* End PBXFrameworksBuildPhase section */

/* Begin PBXGroup section */
		13B07FAE1A68108700A75B9A /* RoyoDriverApp */ = {
			isa = PBXGroup;
			children = (
				8404E57D271EDFE4000D6E95 /* Plists */,
				84CE2BC226E9E6B80066EEEE /* Fonts */,
				84E4480A26E8C50700452095 /* Configs */,
				13B07FAF1A68108700A75B9A /* AppDelegate.h */,
				13B07FB01A68108700A75B9A /* AppDelegate.m */,
				13B07FB51A68108700A75B9A /* Images.xcassets */,
				81AB9BB72411601600AC10FF /* LaunchScreen.storyboard */,
				13B07FB71A68108700A75B9A /* main.m */,
			);
			name = RoyoDriverApp;
			sourceTree = "<group>";
		};
		2D16E6871FA4F8E400B85C8A /* Frameworks */ = {
			isa = PBXGroup;
			children = (
				ED297162215061F000B7C4FE /* JavaScriptCore.framework */,
				90DD1BF9EFC781E128590975 /* libPods-available_pods-BoltDelivery.a */,
			);
			name = Frameworks;
			sourceTree = "<group>";
		};
		832341AE1AAA6A7D00B99B32 /* Libraries */ = {
			isa = PBXGroup;
			children = (
			);
			name = Libraries;
			sourceTree = "<group>";
		};
		83CBB9F61A601CBA00E9B192 = {
			isa = PBXGroup;
			children = (
				F49EB8FB28AE7085002888DE /* Resources-iPad */,
				84961CAA27EB061C00B58C31 /* RoyoDriverApp-Bridging-Header.h */,
				84961AE127EB05D300B58C31 /* RoyoDriverApp.swift */,
				84C27C3E270EFAF100C30CA4 /* notification.mp3 */,
				847EFFCC270AE8FA004251BE /* RoyoDriverAppRelease.entitlements */,
				13B07FAE1A68108700A75B9A /* RoyoDriverApp */,
				832341AE1AAA6A7D00B99B32 /* Libraries */,
				83CBBA001A601CBA00E9B192 /* Products */,
				2D16E6871FA4F8E400B85C8A /* Frameworks */,
				CF572E3A7184357FCBFC05E9 /* Pods */,
				8437918E272ADA2B0020A606 /* Recovered References */,
			);
			indentWidth = 0;
			sourceTree = "<group>";
			tabWidth = 2;
			usesTabs = 0;
		};
		83CBBA001A601CBA00E9B192 /* Products */ = {
			isa = PBXGroup;
			children = (
				841D1F0627B5230400010C7E /* BoltDelivery.app */,
			);
			name = Products;
			sourceTree = "<group>";
		};
		8404E57D271EDFE4000D6E95 /* Plists */ = {
			isa = PBXGroup;
			children = (
				2CE3746828FD3748007E30AB /* BoltDeliveryInfo.plist */,
			);
			path = Plists;
			sourceTree = "<group>";
		};
		841D207E27B524CD00010C7E /* BoltDelivery */ = {
			isa = PBXGroup;
			children = (
				841D24E927B5295000010C7E /* GoogleService-Info.plist */,
				841D22B327B526A500010C7E /* BoltDelivery(Development).xcconfig */,
				841D236F27B526CC00010C7E /* BoltDelivery(Production).xcconfig */,
				841D237127B526E500010C7E /* Images.xcassets */,
			);
			path = BoltDelivery;
			sourceTree = "<group>";
		};
		8437918E272ADA2B0020A606 /* Recovered References */ = {
			isa = PBXGroup;
			children = (
				845B37B527CCF974005FF576 /* GoogleService-Info.plist */,
			);
			name = "Recovered References";
			sourceTree = "<group>";
		};
		84CE2BC226E9E6B80066EEEE /* Fonts */ = {
			isa = PBXGroup;
			children = (
				84CE2BC526E9E6D20066EEEE /* campton-book.ttf */,
				84CE2BC426E9E6D20066EEEE /* campton-light.ttf */,
				84CE2BC626E9E6D20066EEEE /* campton-medium.ttf */,
				84CE2BC326E9E6D20066EEEE /* campton-semibold.ttf */,
			);
			path = Fonts;
			sourceTree = "<group>";
		};
		84E4480A26E8C50700452095 /* Configs */ = {
			isa = PBXGroup;
			children = (
				841D207E27B524CD00010C7E /* BoltDelivery */,
			);
			path = Configs;
			sourceTree = "<group>";
		};
		CF572E3A7184357FCBFC05E9 /* Pods */ = {
			isa = PBXGroup;
			children = (
				5F5517F089937D3EF3318F08 /* Pods-available_pods-BoltDelivery.debug.xcconfig */,
				9C09EA7A56A9FF517642F140 /* Pods-available_pods-BoltDelivery.release.xcconfig */,
			);
			path = Pods;
			sourceTree = "<group>";
		};
		F49EB8FB28AE7085002888DE /* Resources-iPad */ = {
			isa = PBXGroup;
			children = (
			);
			name = "Resources-iPad";
			sourceTree = "<group>";
		};
/* End PBXGroup section */

/* Begin PBXNativeTarget section */
		841D1EDB27B5230400010C7E /* BoltDelivery */ = {
			isa = PBXNativeTarget;
			buildConfigurationList = 841D1F0327B5230400010C7E /* Build configuration list for PBXNativeTarget "BoltDelivery" */;
			buildPhases = (
				6615D1D99AF1EB5B5A28DDEC /* [CP] Check Pods Manifest.lock */,
				841D1EDD27B5230400010C7E /* Start Packager */,
				841D1EDE27B5230400010C7E /* Sources */,
				841D1EE227B5230400010C7E /* Frameworks */,
				841D1EF327B5230400010C7E /* Resources */,
				841D1F0227B5230400010C7E /* Bundle React Native code and images */,
				9AC345704B4E2819BC4A566B /* [CP] Embed Pods Frameworks */,
				81A85F5544A5AB5ED41E594E /* [CP] Copy Pods Resources */,
			);
			buildRules = (
			);
			dependencies = (
			);
			name = BoltDelivery;
			productName = RoyoDriverApp;
			productReference = 841D1F0627B5230400010C7E /* BoltDelivery.app */;
			productType = "com.apple.product-type.application";
		};
/* End PBXNativeTarget section */

/* Begin PBXProject section */
		83CBB9F71A601CBA00E9B192 /* Project object */ = {
			isa = PBXProject;
			attributes = {
				LastUpgradeCheck = 1210;
			};
			buildConfigurationList = 83CBB9FA1A601CBA00E9B192 /* Build configuration list for PBXProject "RoyoDriverApp" */;
			compatibilityVersion = "Xcode 12.0";
			developmentRegion = en;
			hasScannedForEncodings = 0;
			knownRegions = (
				en,
				Base,
			);
			mainGroup = 83CBB9F61A601CBA00E9B192;
			productRefGroup = 83CBBA001A601CBA00E9B192 /* Products */;
			projectDirPath = "";
			projectRoot = "";
			targets = (
				841D1EDB27B5230400010C7E /* BoltDelivery */,
			);
		};
/* End PBXProject section */

/* Begin PBXResourcesBuildPhase section */
		841D1EF327B5230400010C7E /* Resources */ = {
			isa = PBXResourcesBuildPhase;
			buildActionMask = 2147483647;
			files = (
				841D22B427B526A500010C7E /* BoltDelivery(Development).xcconfig in Resources */,
				841D1EF427B5230400010C7E /* LaunchScreen.storyboard in Resources */,
				841D1EF627B5230400010C7E /* Images.xcassets in Resources */,
				841D237227B526E500010C7E /* Images.xcassets in Resources */,
				841D24EA27B5295100010C7E /* GoogleService-Info.plist in Resources */,
				841D1EF727B5230400010C7E /* campton-light.ttf in Resources */,
				841D1EF827B5230400010C7E /* campton-medium.ttf in Resources */,
				841D1EF927B5230400010C7E /* notification.mp3 in Resources */,
				841D1EFA27B5230400010C7E /* campton-book.ttf in Resources */,
				2CE3746928FD374B007E30AB /* BoltDeliveryInfo.plist in Resources */,
				841D1EFF27B5230400010C7E /* campton-semibold.ttf in Resources */,
				841D237027B526CC00010C7E /* BoltDelivery(Production).xcconfig in Resources */,
			);
			runOnlyForDeploymentPostprocessing = 0;
		};
/* End PBXResourcesBuildPhase section */

/* Begin PBXShellScriptBuildPhase section */
		6615D1D99AF1EB5B5A28DDEC /* [CP] Check Pods Manifest.lock */ = {
			isa = PBXShellScriptBuildPhase;
			buildActionMask = 2147483647;
			files = (
			);
			inputFileListPaths = (
			);
			inputPaths = (
				"${PODS_PODFILE_DIR_PATH}/Podfile.lock",
				"${PODS_ROOT}/Manifest.lock",
			);
			name = "[CP] Check Pods Manifest.lock";
			outputFileListPaths = (
			);
			outputPaths = (
				"$(DERIVED_FILE_DIR)/Pods-available_pods-BoltDelivery-checkManifestLockResult.txt",
			);
			runOnlyForDeploymentPostprocessing = 0;
			shellPath = /bin/sh;
			shellScript = "diff \"${PODS_PODFILE_DIR_PATH}/Podfile.lock\" \"${PODS_ROOT}/Manifest.lock\" > /dev/null\nif [ $? != 0 ] ; then\n    # print error to STDERR\n    echo \"error: The sandbox is not in sync with the Podfile.lock. Run 'pod install' or update your CocoaPods installation.\" >&2\n    exit 1\nfi\n# This output is used by Xcode 'outputs' to avoid re-running this script phase.\necho \"SUCCESS\" > \"${SCRIPT_OUTPUT_FILE_0}\"\n";
			showEnvVarsInLog = 0;
		};
		81A85F5544A5AB5ED41E594E /* [CP] Copy Pods Resources */ = {
			isa = PBXShellScriptBuildPhase;
			buildActionMask = 2147483647;
			files = (
			);
			inputFileListPaths = (
				"${PODS_ROOT}/Target Support Files/Pods-available_pods-BoltDelivery/Pods-available_pods-BoltDelivery-resources-${CONFIGURATION}-input-files.xcfilelist",
			);
			name = "[CP] Copy Pods Resources";
			outputFileListPaths = (
				"${PODS_ROOT}/Target Support Files/Pods-available_pods-BoltDelivery/Pods-available_pods-BoltDelivery-resources-${CONFIGURATION}-output-files.xcfilelist",
			);
			runOnlyForDeploymentPostprocessing = 0;
			shellPath = /bin/sh;
			shellScript = "\"${PODS_ROOT}/Target Support Files/Pods-available_pods-BoltDelivery/Pods-available_pods-BoltDelivery-resources.sh\"\n";
			showEnvVarsInLog = 0;
		};
		841D1EDD27B5230400010C7E /* Start Packager */ = {
			isa = PBXShellScriptBuildPhase;
			buildActionMask = 2147483647;
			files = (
			);
			inputFileListPaths = (
			);
			inputPaths = (
			);
			name = "Start Packager";
			outputFileListPaths = (
			);
			outputPaths = (
			);
			runOnlyForDeploymentPostprocessing = 0;
			shellPath = /bin/sh;
			shellScript = "export RCT_METRO_PORT=\"${RCT_METRO_PORT:=8081}\"\necho \"export RCT_METRO_PORT=${RCT_METRO_PORT}\" > \"${SRCROOT}/../node_modules/react-native/scripts/.packager.env\"\nif [ -z \"${RCT_NO_LAUNCH_PACKAGER+xxx}\" ] ; then\n  if nc -w 5 -z localhost ${RCT_METRO_PORT} ; then\n    if ! curl -s \"http://localhost:${RCT_METRO_PORT}/status\" | grep -q \"packager-status:running\" ; then\n      echo \"Port ${RCT_METRO_PORT} already in use, packager is either not running or not running correctly\"\n      exit 2\n    fi\n  else\n    open \"$SRCROOT/../node_modules/react-native/scripts/launchPackager.command\" || echo \"Can't start packager automatically\"\n  fi\nfi\n";
			showEnvVarsInLog = 0;
		};
		841D1F0227B5230400010C7E /* Bundle React Native code and images */ = {
			isa = PBXShellScriptBuildPhase;
			buildActionMask = 2147483647;
			files = (
			);
			inputFileListPaths = (
			);
			inputPaths = (
			);
			name = "Bundle React Native code and images";
			outputFileListPaths = (
			);
			outputPaths = (
			);
			runOnlyForDeploymentPostprocessing = 0;
			shellPath = /bin/sh;
			shellScript = "set -e\n\nexport NODE_BINARY=node\n../node_modules/react-native/scripts/react-native-xcode.sh\n";
		};
		9AC345704B4E2819BC4A566B /* [CP] Embed Pods Frameworks */ = {
			isa = PBXShellScriptBuildPhase;
			buildActionMask = 2147483647;
			files = (
			);
			inputFileListPaths = (
				"${PODS_ROOT}/Target Support Files/Pods-available_pods-BoltDelivery/Pods-available_pods-BoltDelivery-frameworks-${CONFIGURATION}-input-files.xcfilelist",
			);
			name = "[CP] Embed Pods Frameworks";
			outputFileListPaths = (
				"${PODS_ROOT}/Target Support Files/Pods-available_pods-BoltDelivery/Pods-available_pods-BoltDelivery-frameworks-${CONFIGURATION}-output-files.xcfilelist",
			);
			runOnlyForDeploymentPostprocessing = 0;
			shellPath = /bin/sh;
			shellScript = "\"${PODS_ROOT}/Target Support Files/Pods-available_pods-BoltDelivery/Pods-available_pods-BoltDelivery-frameworks.sh\"\n";
			showEnvVarsInLog = 0;
		};
/* End PBXShellScriptBuildPhase section */

/* Begin PBXSourcesBuildPhase section */
		841D1EDE27B5230400010C7E /* Sources */ = {
			isa = PBXSourcesBuildPhase;
			buildActionMask = 2147483647;
			files = (
				841D1EDF27B5230400010C7E /* AppDelegate.m in Sources */,
				84961B9B27EB05D700B58C31 /* RoyoDriverApp.swift in Sources */,
				841D1EE127B5230400010C7E /* main.m in Sources */,
			);
			runOnlyForDeploymentPostprocessing = 0;
		};
/* End PBXSourcesBuildPhase section */

/* Begin XCBuildConfiguration section */
		83CBBA201A601CBA00E9B192 /* Debug */ = {
			isa = XCBuildConfiguration;
			buildSettings = {
				ALWAYS_SEARCH_USER_PATHS = NO;
				CLANG_ANALYZER_LOCALIZABILITY_NONLOCALIZED = YES;
				CLANG_CXX_LANGUAGE_STANDARD = "gnu++0x";
				CLANG_CXX_LIBRARY = "libc++";
				CLANG_ENABLE_MODULES = YES;
				CLANG_ENABLE_OBJC_ARC = YES;
				CLANG_WARN_BLOCK_CAPTURE_AUTORELEASING = YES;
				CLANG_WARN_BOOL_CONVERSION = YES;
				CLANG_WARN_COMMA = YES;
				CLANG_WARN_CONSTANT_CONVERSION = YES;
				CLANG_WARN_DEPRECATED_OBJC_IMPLEMENTATIONS = YES;
				CLANG_WARN_DIRECT_OBJC_ISA_USAGE = YES_ERROR;
				CLANG_WARN_EMPTY_BODY = YES;
				CLANG_WARN_ENUM_CONVERSION = YES;
				CLANG_WARN_INFINITE_RECURSION = YES;
				CLANG_WARN_INT_CONVERSION = YES;
				CLANG_WARN_NON_LITERAL_NULL_CONVERSION = YES;
				CLANG_WARN_OBJC_IMPLICIT_RETAIN_SELF = YES;
				CLANG_WARN_OBJC_LITERAL_CONVERSION = YES;
				CLANG_WARN_OBJC_ROOT_CLASS = YES_ERROR;
				CLANG_WARN_QUOTED_INCLUDE_IN_FRAMEWORK_HEADER = YES;
				CLANG_WARN_RANGE_LOOP_ANALYSIS = YES;
				CLANG_WARN_STRICT_PROTOTYPES = YES;
				CLANG_WARN_SUSPICIOUS_MOVE = YES;
				CLANG_WARN_UNREACHABLE_CODE = YES;
				CLANG_WARN__DUPLICATE_METHOD_MATCH = YES;
				"CODE_SIGN_IDENTITY[sdk=iphoneos*]" = "iPhone Developer";
				COPY_PHASE_STRIP = NO;
				ENABLE_STRICT_OBJC_MSGSEND = YES;
				ENABLE_TESTABILITY = YES;
				"EXCLUDED_ARCHS[sdk=iphonesimulator*]" = "arm64 ";
				GCC_C_LANGUAGE_STANDARD = gnu99;
				GCC_DYNAMIC_NO_PIC = NO;
				GCC_NO_COMMON_BLOCKS = YES;
				GCC_OPTIMIZATION_LEVEL = 0;
				GCC_PREPROCESSOR_DEFINITIONS = (
					"DEBUG=1",
					"$(inherited)",
				);
				GCC_SYMBOLS_PRIVATE_EXTERN = NO;
				GCC_WARN_64_TO_32_BIT_CONVERSION = YES;
				GCC_WARN_ABOUT_RETURN_TYPE = YES_ERROR;
				GCC_WARN_UNDECLARED_SELECTOR = YES;
				GCC_WARN_UNINITIALIZED_AUTOS = YES_AGGRESSIVE;
				GCC_WARN_UNUSED_FUNCTION = YES;
				GCC_WARN_UNUSED_VARIABLE = YES;
				IPHONEOS_DEPLOYMENT_TARGET = 11.0;
				LD_RUNPATH_SEARCH_PATHS = (
					/usr/lib/swift,
					"$(inherited)",
				);
				LIBRARY_SEARCH_PATHS = "\"$(inherited)\"";
				MTL_ENABLE_DEBUG_INFO = YES;
				ONLY_ACTIVE_ARCH = YES;
				SDKROOT = iphoneos;
			};
			name = Debug;
		};
		83CBBA211A601CBA00E9B192 /* Release */ = {
			isa = XCBuildConfiguration;
			buildSettings = {
				ALWAYS_SEARCH_USER_PATHS = NO;
				CLANG_ANALYZER_LOCALIZABILITY_NONLOCALIZED = YES;
				CLANG_CXX_LANGUAGE_STANDARD = "gnu++0x";
				CLANG_CXX_LIBRARY = "libc++";
				CLANG_ENABLE_MODULES = YES;
				CLANG_ENABLE_OBJC_ARC = YES;
				CLANG_WARN_BLOCK_CAPTURE_AUTORELEASING = YES;
				CLANG_WARN_BOOL_CONVERSION = YES;
				CLANG_WARN_COMMA = YES;
				CLANG_WARN_CONSTANT_CONVERSION = YES;
				CLANG_WARN_DEPRECATED_OBJC_IMPLEMENTATIONS = YES;
				CLANG_WARN_DIRECT_OBJC_ISA_USAGE = YES_ERROR;
				CLANG_WARN_EMPTY_BODY = YES;
				CLANG_WARN_ENUM_CONVERSION = YES;
				CLANG_WARN_INFINITE_RECURSION = YES;
				CLANG_WARN_INT_CONVERSION = YES;
				CLANG_WARN_NON_LITERAL_NULL_CONVERSION = YES;
				CLANG_WARN_OBJC_IMPLICIT_RETAIN_SELF = YES;
				CLANG_WARN_OBJC_LITERAL_CONVERSION = YES;
				CLANG_WARN_OBJC_ROOT_CLASS = YES_ERROR;
				CLANG_WARN_QUOTED_INCLUDE_IN_FRAMEWORK_HEADER = YES;
				CLANG_WARN_RANGE_LOOP_ANALYSIS = YES;
				CLANG_WARN_STRICT_PROTOTYPES = YES;
				CLANG_WARN_SUSPICIOUS_MOVE = YES;
				CLANG_WARN_UNREACHABLE_CODE = YES;
				CLANG_WARN__DUPLICATE_METHOD_MATCH = YES;
				"CODE_SIGN_IDENTITY[sdk=iphoneos*]" = "iPhone Developer";
				COPY_PHASE_STRIP = YES;
				ENABLE_NS_ASSERTIONS = NO;
				ENABLE_STRICT_OBJC_MSGSEND = YES;
				"EXCLUDED_ARCHS[sdk=iphonesimulator*]" = "arm64 ";
				GCC_C_LANGUAGE_STANDARD = gnu99;
				GCC_NO_COMMON_BLOCKS = YES;
				GCC_WARN_64_TO_32_BIT_CONVERSION = YES;
				GCC_WARN_ABOUT_RETURN_TYPE = YES_ERROR;
				GCC_WARN_UNDECLARED_SELECTOR = YES;
				GCC_WARN_UNINITIALIZED_AUTOS = YES_AGGRESSIVE;
				GCC_WARN_UNUSED_FUNCTION = YES;
				GCC_WARN_UNUSED_VARIABLE = YES;
				IPHONEOS_DEPLOYMENT_TARGET = 11.0;
				LD_RUNPATH_SEARCH_PATHS = (
					/usr/lib/swift,
					"$(inherited)",
				);
				LIBRARY_SEARCH_PATHS = "\"$(inherited)\"";
				MTL_ENABLE_DEBUG_INFO = NO;
				SDKROOT = iphoneos;
				VALIDATE_PRODUCT = YES;
			};
			name = Release;
		};
		841D1F0427B5230400010C7E /* Debug */ = {
			isa = XCBuildConfiguration;
			baseConfigurationReference = 841D22B327B526A500010C7E /* BoltDelivery(Development).xcconfig */;
			buildSettings = {
				ASSETCATALOG_COMPILER_APPICON_NAME = AppIcon;
				CLANG_ENABLE_MODULES = YES;
				CODE_SIGN_ENTITLEMENTS = RoyoDriverApp/RoyoDriverAppRelease.entitlements;
				CODE_SIGN_IDENTITY = "Apple Development";
				CODE_SIGN_STYLE = Automatic;
				CURRENT_PROJECT_VERSION = "$(PROJECT_BUILD_NUMBER)";
				DEVELOPMENT_TEAM = 6FXUMT5X23;
				ENABLE_BITCODE = NO;
				HEADER_SEARCH_PATHS = "$(inherited)";
				INFOPLIST_FILE = "$(SRCROOT)/Plists/$(PROJECT_PLIST).plist";
				LD_RUNPATH_SEARCH_PATHS = (
					"$(inherited)",
					"@executable_path/Frameworks",
				);
				LIBRARY_SEARCH_PATHS = (
					"$(inherited)",
					"\"$(SRCROOT)/$(PROJECT_APP_NAME)\"",
				);
				MARKETING_VERSION = "$(PROJECT_APP_VERSION)";
				OTHER_LDFLAGS = (
					"$(inherited)",
					"-ObjC",
					"-lc++",
				);
				PRODUCT_BUNDLE_IDENTIFIER = "$(PROJECT_BUNDLE_ID)";
				PRODUCT_NAME = "$(TARGET_NAME)";
				PROJECT_APP_NAME = "${PROJECT_APP_NAME}";
				PROJECT_APP_VERSION = "$(PROJECT_APP_VERSION)";
				PROJECT_BUILD_NUMBER = "$(PROJECT_BUILD_NUMBER)";
				PROJECT_BUNDLE_ID = "$(PROJECT_BUNDLE_ID)";
				PROJECT_NAME = "${PROJECT_NAME}";
				PROJECT_PLIST = "$(PROJECT_PLIST)";
				PROVISIONING_PROFILE_SPECIFIER = "";
				SWIFT_OBJC_BRIDGING_HEADER = "RoyoDriverApp-Bridging-Header.h";
				SWIFT_OPTIMIZATION_LEVEL = "-Onone";
				SWIFT_VERSION = 5.0;
				VERSIONING_SYSTEM = "apple-generic";
			};
			name = Debug;
		};
		841D1F0527B5230400010C7E /* Release */ = {
			isa = XCBuildConfiguration;
			baseConfigurationReference = 841D236F27B526CC00010C7E /* BoltDelivery(Production).xcconfig */;
			buildSettings = {
				ASSETCATALOG_COMPILER_APPICON_NAME = AppIcon;
				CLANG_ENABLE_MODULES = YES;
				CODE_SIGN_ENTITLEMENTS = RoyoDriverApp/RoyoDriverAppRelease.entitlements;
				CODE_SIGN_IDENTITY = "iPhone Distribution";
				CODE_SIGN_STYLE = Manual;
				CURRENT_PROJECT_VERSION = "$(PROJECT_BUILD_NUMBER)";
				DEVELOPMENT_TEAM = 6FXUMT5X23;
				HEADER_SEARCH_PATHS = "$(inherited)";
				INFOPLIST_FILE = "$(SRCROOT)/Plists/$(PROJECT_PLIST).plist";
				LD_RUNPATH_SEARCH_PATHS = (
					"$(inherited)",
					"@executable_path/Frameworks",
				);
				LIBRARY_SEARCH_PATHS = (
					"$(inherited)",
					"\"$(SRCROOT)/$(PROJECT_APP_NAME)\"",
				);
				MARKETING_VERSION = "$(PROJECT_APP_VERSION)";
				OTHER_LDFLAGS = (
					"$(inherited)",
					"-ObjC",
					"-lc++",
				);
				PRODUCT_BUNDLE_IDENTIFIER = "$(PROJECT_BUNDLE_ID)";
				PRODUCT_NAME = "$(TARGET_NAME)";
				PROJECT_APP_NAME = "${PROJECT_APP_NAME}";
				PROJECT_APP_VERSION = "$(PROJECT_APP_VERSION)";
				PROJECT_BUILD_NUMBER = "$(PROJECT_BUILD_NUMBER)";
				PROJECT_BUNDLE_ID = "$(PROJECT_BUNDLE_ID)";
				PROJECT_NAME = "${PROJECT_NAME}";
				PROJECT_PLIST = "$(PROJECT_PLIST)";
				PROVISIONING_PROFILE_SPECIFIER = "BoltDelivery Dispatcher";
				SWIFT_OBJC_BRIDGING_HEADER = "RoyoDriverApp-Bridging-Header.h";
				SWIFT_VERSION = 5.0;
				VERSIONING_SYSTEM = "apple-generic";
			};
			name = Release;
		};
/* End XCBuildConfiguration section */

/* Begin XCConfigurationList section */
		83CBB9FA1A601CBA00E9B192 /* Build configuration list for PBXProject "RoyoDriverApp" */ = {
			isa = XCConfigurationList;
			buildConfigurations = (
				83CBBA201A601CBA00E9B192 /* Debug */,
				83CBBA211A601CBA00E9B192 /* Release */,
			);
			defaultConfigurationIsVisible = 0;
			defaultConfigurationName = Release;
		};
		841D1F0327B5230400010C7E /* Build configuration list for PBXNativeTarget "BoltDelivery" */ = {
			isa = XCConfigurationList;
			buildConfigurations = (
				841D1F0427B5230400010C7E /* Debug */,
				841D1F0527B5230400010C7E /* Release */,
			);
			defaultConfigurationIsVisible = 0;
			defaultConfigurationName = Release;
		};
/* End XCConfigurationList section */
	};
	rootObject = 83CBB9F71A601CBA00E9B192 /* Project object */;
}
