// !$*UTF8*$!
{
	archiveVersion = 1;
	classes = {
	};
	objectVersion = 54;
	objects = {

/* Begin PBXBuildFile section */
		4E5680672C62655100904039 /* GoogleService-Info.plist in Resources */ = {isa = PBXBuildFile; fileRef = 84C20A5027427A5100C82ABC /* GoogleService-Info.plist */; };
		4EB3886D2E841637007CB118 /* AppDelegate.mm in Sources */ = {isa = PBXBuildFile; fileRef = ED83E4042BEB687A00CFDE52 /* AppDelegate.mm */; };
		4EB3886E2E841637007CB118 /* RoyoDriverApp.swift in Sources */ = {isa = PBXBuildFile; fileRef = 84961AE127EB05D300B58C31 /* RoyoDriverApp.swift */; };
		4EB3886F2E841637007CB118 /* main.m in Sources */ = {isa = PBXBuildFile; fileRef = 13B07FB71A68108700A75B9A /* main.m */; };
		4EB388712E841637007CB118 /* libPods-available_pods-Cla.a in Frameworks */ = {isa = PBXBuildFile; fileRef = 9B9D888D63DF92BA7EA782C4 /* libPods-available_pods-Cla.a */; };
		4EB388772E841637007CB118 /* LaunchScreen.storyboard in Resources */ = {isa = PBXBuildFile; fileRef = 81AB9BB72411601600AC10FF /* LaunchScreen.storyboard */; };
		4EB388782E841637007CB118 /* Ace(Development).xcconfig in Resources */ = {isa = PBXBuildFile; fileRef = 84C20B6827427AD800C82ABC /* Ace(Development).xcconfig */; };
		4EB388792E841637007CB118 /* Images.xcassets in Resources */ = {isa = PBXBuildFile; fileRef = 13B07FB51A68108700A75B9A /* Images.xcassets */; };
		4EB3887A2E841637007CB118 /* campton-light.ttf in Resources */ = {isa = PBXBuildFile; fileRef = 84CE2BC426E9E6D20066EEEE /* campton-light.ttf */; };
		4EB3887B2E841637007CB118 /* campton-medium.ttf in Resources */ = {isa = PBXBuildFile; fileRef = 84CE2BC626E9E6D20066EEEE /* campton-medium.ttf */; };
		4EB3887C2E841637007CB118 /* notification.mp3 in Resources */ = {isa = PBXBuildFile; fileRef = 84C27C3E270EFAF100C30CA4 /* notification.mp3 */; };
		4EB3887E2E841637007CB118 /* Ace(Production).xcconfig in Resources */ = {isa = PBXBuildFile; fileRef = 84C20BAE27427AEB00C82ABC /* Ace(Production).xcconfig */; };
		4EB3887F2E841637007CB118 /* campton-book.ttf in Resources */ = {isa = PBXBuildFile; fileRef = 84CE2BC526E9E6D20066EEEE /* campton-book.ttf */; };
		4EB388802E841637007CB118 /* campton-semibold.ttf in Resources */ = {isa = PBXBuildFile; fileRef = 84CE2BC326E9E6D20066EEEE /* campton-semibold.ttf */; };
		4EB3888D2E8426C9007CB118 /* Hubdrives(Development).xcconfig in Resources */ = {isa = PBXBuildFile; fileRef = 4EB3888B2E8426C9007CB118 /* Hubdrives(Development).xcconfig */; };
		4EB3888E2E8426C9007CB118 /* Hubdrives(Production).xcconfig in Resources */ = {isa = PBXBuildFile; fileRef = 4EB3888C2E8426C9007CB118 /* Hubdrives(Production).xcconfig */; };
		4EB3888F2E8426C9007CB118 /* GoogleService-Info.plist in Resources */ = {isa = PBXBuildFile; fileRef = 4EB3888A2E8426C9007CB118 /* GoogleService-Info.plist */; };
		4EB388912E8426E7007CB118 /* Images.xcassets in Resources */ = {isa = PBXBuildFile; fileRef = 4EB388902E8426E7007CB118 /* Images.xcassets */; };
		4EB388932E842759007CB118 /* HubdrivesInfo.plist in Resources */ = {isa = PBXBuildFile; fileRef = 4EB388922E842759007CB118 /* HubdrivesInfo.plist */; };
		4EF8FCF12C89DAAF001B7A88 /* AppDelegate.mm in Sources */ = {isa = PBXBuildFile; fileRef = ED83E4042BEB687A00CFDE52 /* AppDelegate.mm */; };
		4EF8FCF22C89DAAF001B7A88 /* RoyoDriverApp.swift in Sources */ = {isa = PBXBuildFile; fileRef = 84961AE127EB05D300B58C31 /* RoyoDriverApp.swift */; };
		4EF8FCF32C89DAAF001B7A88 /* main.m in Sources */ = {isa = PBXBuildFile; fileRef = 13B07FB71A68108700A75B9A /* main.m */; };
		4EF8FCF72C89DAAF001B7A88 /* Images.xcassets in Resources */ = {isa = PBXBuildFile; fileRef = 84C2093B274279C800C82ABC /* Images.xcassets */; };
		4EF8FCF82C89DAAF001B7A88 /* LaunchScreen.storyboard in Resources */ = {isa = PBXBuildFile; fileRef = 81AB9BB72411601600AC10FF /* LaunchScreen.storyboard */; };
		4EF8FCF92C89DAAF001B7A88 /* Ace(Development).xcconfig in Resources */ = {isa = PBXBuildFile; fileRef = 84C20B6827427AD800C82ABC /* Ace(Development).xcconfig */; };
		4EF8FCFA2C89DAAF001B7A88 /* Images.xcassets in Resources */ = {isa = PBXBuildFile; fileRef = 13B07FB51A68108700A75B9A /* Images.xcassets */; };
		4EF8FCFB2C89DAAF001B7A88 /* campton-light.ttf in Resources */ = {isa = PBXBuildFile; fileRef = 84CE2BC426E9E6D20066EEEE /* campton-light.ttf */; };
		4EF8FCFD2C89DAAF001B7A88 /* campton-medium.ttf in Resources */ = {isa = PBXBuildFile; fileRef = 84CE2BC626E9E6D20066EEEE /* campton-medium.ttf */; };
		4EF8FCFE2C89DAAF001B7A88 /* notification.mp3 in Resources */ = {isa = PBXBuildFile; fileRef = 84C27C3E270EFAF100C30CA4 /* notification.mp3 */; };
		4EF8FD002C89DAAF001B7A88 /* Ace(Production).xcconfig in Resources */ = {isa = PBXBuildFile; fileRef = 84C20BAE27427AEB00C82ABC /* Ace(Production).xcconfig */; };
		4EF8FD012C89DAAF001B7A88 /* campton-book.ttf in Resources */ = {isa = PBXBuildFile; fileRef = 84CE2BC526E9E6D20066EEEE /* campton-book.ttf */; };
		4EF8FD022C89DAAF001B7A88 /* campton-semibold.ttf in Resources */ = {isa = PBXBuildFile; fileRef = 84CE2BC326E9E6D20066EEEE /* campton-semibold.ttf */; };
		4EF8FD0D2C89DAEF001B7A88 /* Cla(Development).xcconfig in Resources */ = {isa = PBXBuildFile; fileRef = 4EF8FD0C2C89DAEF001B7A88 /* Cla(Development).xcconfig */; };
		4EF8FD0F2C89DB11001B7A88 /* Cla(Production).xcconfig in Resources */ = {isa = PBXBuildFile; fileRef = 4EF8FD0E2C89DB11001B7A88 /* Cla(Production).xcconfig */; };
		4EF8FD112C89DBBD001B7A88 /* GoogleService-Info.plist in Resources */ = {isa = PBXBuildFile; fileRef = 4EF8FD102C89DBBD001B7A88 /* GoogleService-Info.plist */; };
		4EF8FD132C89DD65001B7A88 /* ClaInfo.plist in Resources */ = {isa = PBXBuildFile; fileRef = 4EF8FD122C89DD65001B7A88 /* ClaInfo.plist */; };
		84961B2527EB05D400B58C31 /* RoyoDriverApp.swift in Sources */ = {isa = PBXBuildFile; fileRef = 84961AE127EB05D300B58C31 /* RoyoDriverApp.swift */; };
		84C206B82742762600C82ABC /* main.m in Sources */ = {isa = PBXBuildFile; fileRef = 13B07FB71A68108700A75B9A /* main.m */; };
		84C206E92742762600C82ABC /* LaunchScreen.storyboard in Resources */ = {isa = PBXBuildFile; fileRef = 81AB9BB72411601600AC10FF /* LaunchScreen.storyboard */; };
		84C206EB2742762600C82ABC /* Images.xcassets in Resources */ = {isa = PBXBuildFile; fileRef = 13B07FB51A68108700A75B9A /* Images.xcassets */; };
		84C206EC2742762600C82ABC /* campton-light.ttf in Resources */ = {isa = PBXBuildFile; fileRef = 84CE2BC426E9E6D20066EEEE /* campton-light.ttf */; };
		84C206ED2742762600C82ABC /* campton-medium.ttf in Resources */ = {isa = PBXBuildFile; fileRef = 84CE2BC626E9E6D20066EEEE /* campton-medium.ttf */; };
		84C206EE2742762600C82ABC /* notification.mp3 in Resources */ = {isa = PBXBuildFile; fileRef = 84C27C3E270EFAF100C30CA4 /* notification.mp3 */; };
		84C206EF2742762600C82ABC /* campton-book.ttf in Resources */ = {isa = PBXBuildFile; fileRef = 84CE2BC526E9E6D20066EEEE /* campton-book.ttf */; };
		84C206F42742762600C82ABC /* campton-semibold.ttf in Resources */ = {isa = PBXBuildFile; fileRef = 84CE2BC326E9E6D20066EEEE /* campton-semibold.ttf */; };
		84C2093C274279C800C82ABC /* Images.xcassets in Resources */ = {isa = PBXBuildFile; fileRef = 84C2093B274279C800C82ABC /* Images.xcassets */; };
		84C20B6927427AD800C82ABC /* Ace(Development).xcconfig in Resources */ = {isa = PBXBuildFile; fileRef = 84C20B6827427AD800C82ABC /* Ace(Development).xcconfig */; };
		84C20BAF27427AEB00C82ABC /* Ace(Production).xcconfig in Resources */ = {isa = PBXBuildFile; fileRef = 84C20BAE27427AEB00C82ABC /* Ace(Production).xcconfig */; };
		A2FE205AD4ED37053F188721 /* libPods-available_pods-Cla.a in Frameworks */ = {isa = PBXBuildFile; fileRef = 9B9D888D63DF92BA7EA782C4 /* libPods-available_pods-Cla.a */; };
		ED83E4052BEB687A00CFDE52 /* AppDelegate.mm in Sources */ = {isa = PBXBuildFile; fileRef = ED83E4042BEB687A00CFDE52 /* AppDelegate.mm */; };
/* End PBXBuildFile section */

/* Begin PBXFileReference section */
		013A31B37FE82E15434AEE65 /* Pods-available_pods-Elixir.debug.xcconfig */ = {isa = PBXFileReference; includeInIndex = 1; lastKnownFileType = text.xcconfig; name = "Pods-available_pods-Elixir.debug.xcconfig"; path = "Target Support Files/Pods-available_pods-Elixir/Pods-available_pods-Elixir.debug.xcconfig"; sourceTree = "<group>"; };
		0343656180E531E4D8ABA677 /* Pods-available_pods-Gusto.release.xcconfig */ = {isa = PBXFileReference; includeInIndex = 1; lastKnownFileType = text.xcconfig; name = "Pods-available_pods-Gusto.release.xcconfig"; path = "Target Support Files/Pods-available_pods-Gusto/Pods-available_pods-Gusto.release.xcconfig"; sourceTree = "<group>"; };
		0A793C740CC005380D90BF06 /* Pods-available_pods-Suel.release.xcconfig */ = {isa = PBXFileReference; includeInIndex = 1; lastKnownFileType = text.xcconfig; name = "Pods-available_pods-Suel.release.xcconfig"; path = "Target Support Files/Pods-available_pods-Suel/Pods-available_pods-Suel.release.xcconfig"; sourceTree = "<group>"; };
		0E9552752B627F33007AA49A /* KhaleejTimes.entitlements */ = {isa = PBXFileReference; lastKnownFileType = text.plist.entitlements; path = KhaleejTimes.entitlements; sourceTree = "<group>"; };
		1369D0CF134EFA50A3D8C85E /* Pods-available_pods-Punnet.debug.xcconfig */ = {isa = PBXFileReference; includeInIndex = 1; lastKnownFileType = text.xcconfig; name = "Pods-available_pods-Punnet.debug.xcconfig"; path = "Target Support Files/Pods-available_pods-Punnet/Pods-available_pods-Punnet.debug.xcconfig"; sourceTree = "<group>"; };
		13B07FAF1A68108700A75B9A /* AppDelegate.h */ = {isa = PBXFileReference; fileEncoding = 4; lastKnownFileType = sourcecode.c.h; name = AppDelegate.h; path = RoyoDriverApp/AppDelegate.h; sourceTree = "<group>"; };
		13B07FB01A68108700A75B9A /* AppDelegate.m */ = {isa = PBXFileReference; fileEncoding = 4; lastKnownFileType = sourcecode.c.objc; name = AppDelegate.m; path = RoyoDriverApp/AppDelegate.m; sourceTree = "<group>"; };
		13B07FB51A68108700A75B9A /* Images.xcassets */ = {isa = PBXFileReference; lastKnownFileType = folder.assetcatalog; name = Images.xcassets; path = RoyoDriverApp/Images.xcassets; sourceTree = "<group>"; };
		13B07FB71A68108700A75B9A /* main.m */ = {isa = PBXFileReference; fileEncoding = 4; lastKnownFileType = sourcecode.c.objc; name = main.m; path = RoyoDriverApp/main.m; sourceTree = "<group>"; };
		1460CE32CE29F78BB95DAAFD /* Pods-available_pods-KhaleejTimes.release.xcconfig */ = {isa = PBXFileReference; includeInIndex = 1; lastKnownFileType = text.xcconfig; name = "Pods-available_pods-KhaleejTimes.release.xcconfig"; path = "Target Support Files/Pods-available_pods-KhaleejTimes/Pods-available_pods-KhaleejTimes.release.xcconfig"; sourceTree = "<group>"; };
		200517F2B74AC445933DD98D /* Pods-available_pods-Cla.debug.xcconfig */ = {isa = PBXFileReference; includeInIndex = 1; lastKnownFileType = text.xcconfig; name = "Pods-available_pods-Cla.debug.xcconfig"; path = "Target Support Files/Pods-available_pods-Cla/Pods-available_pods-Cla.debug.xcconfig"; sourceTree = "<group>"; };
		2475787E53AF81E56EA88DFE /* libPods-available_pods-Zest.a */ = {isa = PBXFileReference; explicitFileType = archive.ar; includeInIndex = 0; path = "libPods-available_pods-Zest.a"; sourceTree = BUILT_PRODUCTS_DIR; };
		264AAB1B29DCEA57B69BCD45 /* libPods-available_pods-Spa.a */ = {isa = PBXFileReference; explicitFileType = archive.ar; includeInIndex = 0; path = "libPods-available_pods-Spa.a"; sourceTree = BUILT_PRODUCTS_DIR; };
		38F689502DA88430292A9E9E /* Pods-available_pods-Gusto.debug.xcconfig */ = {isa = PBXFileReference; includeInIndex = 1; lastKnownFileType = text.xcconfig; name = "Pods-available_pods-Gusto.debug.xcconfig"; path = "Target Support Files/Pods-available_pods-Gusto/Pods-available_pods-Gusto.debug.xcconfig"; sourceTree = "<group>"; };
		3A91FEF0424F11BFE560973B /* Pods-available_pods-N2go.debug.xcconfig */ = {isa = PBXFileReference; includeInIndex = 1; lastKnownFileType = text.xcconfig; name = "Pods-available_pods-N2go.debug.xcconfig"; path = "Target Support Files/Pods-available_pods-N2go/Pods-available_pods-N2go.debug.xcconfig"; sourceTree = "<group>"; };
		3D53603E389A8F365AE37F08 /* Pods-available_pods-Grub.release.xcconfig */ = {isa = PBXFileReference; includeInIndex = 1; lastKnownFileType = text.xcconfig; name = "Pods-available_pods-Grub.release.xcconfig"; path = "Target Support Files/Pods-available_pods-Grub/Pods-available_pods-Grub.release.xcconfig"; sourceTree = "<group>"; };
		3EFBC7316EA1559E51DDA118 /* Pods-available_pods-Spa.debug.xcconfig */ = {isa = PBXFileReference; includeInIndex = 1; lastKnownFileType = text.xcconfig; name = "Pods-available_pods-Spa.debug.xcconfig"; path = "Target Support Files/Pods-available_pods-Spa/Pods-available_pods-Spa.debug.xcconfig"; sourceTree = "<group>"; };
		40DA47EA6BDF4F39C954630A /* Pods-available_pods-GoKab.debug.xcconfig */ = {isa = PBXFileReference; includeInIndex = 1; lastKnownFileType = text.xcconfig; name = "Pods-available_pods-GoKab.debug.xcconfig"; path = "Target Support Files/Pods-available_pods-GoKab/Pods-available_pods-GoKab.debug.xcconfig"; sourceTree = "<group>"; };
		4581506D8646F2816237281E /* Pods-available_pods-KhaleejTimes.debug.xcconfig */ = {isa = PBXFileReference; includeInIndex = 1; lastKnownFileType = text.xcconfig; name = "Pods-available_pods-KhaleejTimes.debug.xcconfig"; path = "Target Support Files/Pods-available_pods-KhaleejTimes/Pods-available_pods-KhaleejTimes.debug.xcconfig"; sourceTree = "<group>"; };
		4791F456DE1A0E6F7AE3C18A /* Pods-available_pods-Spa.release.xcconfig */ = {isa = PBXFileReference; includeInIndex = 1; lastKnownFileType = text.xcconfig; name = "Pods-available_pods-Spa.release.xcconfig"; path = "Target Support Files/Pods-available_pods-Spa/Pods-available_pods-Spa.release.xcconfig"; sourceTree = "<group>"; };
		4EB388872E841637007CB118 /* HubDrives.app */ = {isa = PBXFileReference; explicitFileType = wrapper.application; includeInIndex = 0; path = HubDrives.app; sourceTree = BUILT_PRODUCTS_DIR; };
		4EB3888A2E8426C9007CB118 /* GoogleService-Info.plist */ = {isa = PBXFileReference; lastKnownFileType = text.plist.xml; path = "GoogleService-Info.plist"; sourceTree = "<group>"; };
		4EB3888B2E8426C9007CB118 /* Hubdrives(Development).xcconfig */ = {isa = PBXFileReference; lastKnownFileType = text.xcconfig; path = "Hubdrives(Development).xcconfig"; sourceTree = "<group>"; };
		4EB3888C2E8426C9007CB118 /* Hubdrives(Production).xcconfig */ = {isa = PBXFileReference; lastKnownFileType = text.xcconfig; path = "Hubdrives(Production).xcconfig"; sourceTree = "<group>"; };
		4EB388902E8426E7007CB118 /* Images.xcassets */ = {isa = PBXFileReference; lastKnownFileType = folder.assetcatalog; path = Images.xcassets; sourceTree = "<group>"; };
		4EB388922E842759007CB118 /* HubdrivesInfo.plist */ = {isa = PBXFileReference; lastKnownFileType = text.plist.xml; path = HubdrivesInfo.plist; sourceTree = "<group>"; };
		4EF8FD092C89DAAF001B7A88 /* Cla.app */ = {isa = PBXFileReference; explicitFileType = wrapper.application; includeInIndex = 0; path = Cla.app; sourceTree = BUILT_PRODUCTS_DIR; };
		4EF8FD0C2C89DAEF001B7A88 /* Cla(Development).xcconfig */ = {isa = PBXFileReference; lastKnownFileType = text.xcconfig; path = "Cla(Development).xcconfig"; sourceTree = "<group>"; };
		4EF8FD0E2C89DB11001B7A88 /* Cla(Production).xcconfig */ = {isa = PBXFileReference; lastKnownFileType = text.xcconfig; path = "Cla(Production).xcconfig"; sourceTree = "<group>"; };
		4EF8FD102C89DBBD001B7A88 /* GoogleService-Info.plist */ = {isa = PBXFileReference; fileEncoding = 4; lastKnownFileType = text.plist.xml; path = "GoogleService-Info.plist"; sourceTree = "<group>"; };
		4EF8FD122C89DD65001B7A88 /* ClaInfo.plist */ = {isa = PBXFileReference; lastKnownFileType = text.plist.xml; path = ClaInfo.plist; sourceTree = "<group>"; };
		547C876406CFED4050CAE293 /* libPods-available_pods-Voltaic.a */ = {isa = PBXFileReference; explicitFileType = archive.ar; includeInIndex = 0; path = "libPods-available_pods-Voltaic.a"; sourceTree = BUILT_PRODUCTS_DIR; };
		5DC4A35FD9D6255E804EC0F4 /* libPods-available_pods-Grub.a */ = {isa = PBXFileReference; explicitFileType = archive.ar; includeInIndex = 0; path = "libPods-available_pods-Grub.a"; sourceTree = BUILT_PRODUCTS_DIR; };
		65CC0281F7383A26CE59BB32 /* Pods-available_pods-Suel.debug.xcconfig */ = {isa = PBXFileReference; includeInIndex = 1; lastKnownFileType = text.xcconfig; name = "Pods-available_pods-Suel.debug.xcconfig"; path = "Target Support Files/Pods-available_pods-Suel/Pods-available_pods-Suel.debug.xcconfig"; sourceTree = "<group>"; };
		760E3C57E877CFF41A95084A /* libPods-available_pods-KhaleejTimes.a */ = {isa = PBXFileReference; explicitFileType = archive.ar; includeInIndex = 0; path = "libPods-available_pods-KhaleejTimes.a"; sourceTree = BUILT_PRODUCTS_DIR; };
		79907EECD7126494AA854CB2 /* Pods-available_pods-Homeric.release.xcconfig */ = {isa = PBXFileReference; includeInIndex = 1; lastKnownFileType = text.xcconfig; name = "Pods-available_pods-Homeric.release.xcconfig"; path = "Target Support Files/Pods-available_pods-Homeric/Pods-available_pods-Homeric.release.xcconfig"; sourceTree = "<group>"; };
		81AB9BB72411601600AC10FF /* LaunchScreen.storyboard */ = {isa = PBXFileReference; fileEncoding = 4; lastKnownFileType = file.storyboard; name = LaunchScreen.storyboard; path = RoyoDriverApp/LaunchScreen.storyboard; sourceTree = "<group>"; };
		82EA722B0CEC10DF444221D5 /* libPods-available_pods-Elixir.a */ = {isa = PBXFileReference; explicitFileType = archive.ar; includeInIndex = 0; path = "libPods-available_pods-Elixir.a"; sourceTree = BUILT_PRODUCTS_DIR; };
		847EFFCC270AE8FA004251BE /* RoyoDriverAppRelease.entitlements */ = {isa = PBXFileReference; lastKnownFileType = text.plist.entitlements; name = RoyoDriverAppRelease.entitlements; path = RoyoDriverApp/RoyoDriverAppRelease.entitlements; sourceTree = "<group>"; };
		84961AE127EB05D300B58C31 /* RoyoDriverApp.swift */ = {isa = PBXFileReference; lastKnownFileType = sourcecode.swift; path = RoyoDriverApp.swift; sourceTree = "<group>"; };
		84961CAA27EB061C00B58C31 /* RoyoDriverApp-Bridging-Header.h */ = {isa = PBXFileReference; lastKnownFileType = sourcecode.c.h; path = "RoyoDriverApp-Bridging-Header.h"; sourceTree = "<group>"; };
		84C206FC2742762600C82ABC /* Ace.app */ = {isa = PBXFileReference; explicitFileType = wrapper.application; includeInIndex = 0; path = Ace.app; sourceTree = BUILT_PRODUCTS_DIR; };
		84C2093B274279C800C82ABC /* Images.xcassets */ = {isa = PBXFileReference; lastKnownFileType = folder.assetcatalog; path = Images.xcassets; sourceTree = "<group>"; };
		84C20A5027427A5100C82ABC /* GoogleService-Info.plist */ = {isa = PBXFileReference; fileEncoding = 4; lastKnownFileType = text.plist.xml; path = "GoogleService-Info.plist"; sourceTree = "<group>"; };
		84C20B6827427AD800C82ABC /* Ace(Development).xcconfig */ = {isa = PBXFileReference; lastKnownFileType = text.xcconfig; path = "Ace(Development).xcconfig"; sourceTree = "<group>"; };
		84C20BAE27427AEB00C82ABC /* Ace(Production).xcconfig */ = {isa = PBXFileReference; lastKnownFileType = text.xcconfig; path = "Ace(Production).xcconfig"; sourceTree = "<group>"; };
		84C27C3E270EFAF100C30CA4 /* notification.mp3 */ = {isa = PBXFileReference; lastKnownFileType = audio.mp3; path = notification.mp3; sourceTree = "<group>"; };
		84CE2BC326E9E6D20066EEEE /* campton-semibold.ttf */ = {isa = PBXFileReference; lastKnownFileType = file; path = "campton-semibold.ttf"; sourceTree = "<group>"; };
		84CE2BC426E9E6D20066EEEE /* campton-light.ttf */ = {isa = PBXFileReference; lastKnownFileType = file; path = "campton-light.ttf"; sourceTree = "<group>"; };
		84CE2BC526E9E6D20066EEEE /* campton-book.ttf */ = {isa = PBXFileReference; lastKnownFileType = file; path = "campton-book.ttf"; sourceTree = "<group>"; };
		84CE2BC626E9E6D20066EEEE /* campton-medium.ttf */ = {isa = PBXFileReference; lastKnownFileType = file; path = "campton-medium.ttf"; sourceTree = "<group>"; };
		87F18BF72F9F5A8E9A52D22B /* Pods-available_pods-Emart.debug.xcconfig */ = {isa = PBXFileReference; includeInIndex = 1; lastKnownFileType = text.xcconfig; name = "Pods-available_pods-Emart.debug.xcconfig"; path = "Target Support Files/Pods-available_pods-Emart/Pods-available_pods-Emart.debug.xcconfig"; sourceTree = "<group>"; };
		885029448E647A11CDED2D0A /* libPods-available_pods-Emart.a */ = {isa = PBXFileReference; explicitFileType = archive.ar; includeInIndex = 0; path = "libPods-available_pods-Emart.a"; sourceTree = BUILT_PRODUCTS_DIR; };
		909D554076BBA73C088D9DCF /* Pods-available_pods-Cla.release.xcconfig */ = {isa = PBXFileReference; includeInIndex = 1; lastKnownFileType = text.xcconfig; name = "Pods-available_pods-Cla.release.xcconfig"; path = "Target Support Files/Pods-available_pods-Cla/Pods-available_pods-Cla.release.xcconfig"; sourceTree = "<group>"; };
		935C0B3B1F972D782D2BB724 /* libPods-available_pods-Suel.a */ = {isa = PBXFileReference; explicitFileType = archive.ar; includeInIndex = 0; path = "libPods-available_pods-Suel.a"; sourceTree = BUILT_PRODUCTS_DIR; };
		9B9D888D63DF92BA7EA782C4 /* libPods-available_pods-Cla.a */ = {isa = PBXFileReference; explicitFileType = archive.ar; includeInIndex = 0; path = "libPods-available_pods-Cla.a"; sourceTree = BUILT_PRODUCTS_DIR; };
		A002453C59392DD1205D6E6C /* Pods-available_pods-Ace.release.xcconfig */ = {isa = PBXFileReference; includeInIndex = 1; lastKnownFileType = text.xcconfig; name = "Pods-available_pods-Ace.release.xcconfig"; path = "Target Support Files/Pods-available_pods-Ace/Pods-available_pods-Ace.release.xcconfig"; sourceTree = "<group>"; };
		A00AA2172081777D835BD063 /* Pods-available_pods-N2go.release.xcconfig */ = {isa = PBXFileReference; includeInIndex = 1; lastKnownFileType = text.xcconfig; name = "Pods-available_pods-N2go.release.xcconfig"; path = "Target Support Files/Pods-available_pods-N2go/Pods-available_pods-N2go.release.xcconfig"; sourceTree = "<group>"; };
		A0BA1695F1DC845699959893 /* Pods-available_pods-GoKab.release.xcconfig */ = {isa = PBXFileReference; includeInIndex = 1; lastKnownFileType = text.xcconfig; name = "Pods-available_pods-GoKab.release.xcconfig"; path = "Target Support Files/Pods-available_pods-GoKab/Pods-available_pods-GoKab.release.xcconfig"; sourceTree = "<group>"; };
		A53F141A1B58A6E647D3A3CF /* Pods-available_pods-Grub.debug.xcconfig */ = {isa = PBXFileReference; includeInIndex = 1; lastKnownFileType = text.xcconfig; name = "Pods-available_pods-Grub.debug.xcconfig"; path = "Target Support Files/Pods-available_pods-Grub/Pods-available_pods-Grub.debug.xcconfig"; sourceTree = "<group>"; };
		A88D39359A371167344E4203 /* Pods-available_pods-Voltaic.debug.xcconfig */ = {isa = PBXFileReference; includeInIndex = 1; lastKnownFileType = text.xcconfig; name = "Pods-available_pods-Voltaic.debug.xcconfig"; path = "Target Support Files/Pods-available_pods-Voltaic/Pods-available_pods-Voltaic.debug.xcconfig"; sourceTree = "<group>"; };
		B3ED3B98E7B99FBAC9C28208 /* libPods-available_pods-GoKab.a */ = {isa = PBXFileReference; explicitFileType = archive.ar; includeInIndex = 0; path = "libPods-available_pods-GoKab.a"; sourceTree = BUILT_PRODUCTS_DIR; };
		C3E32BC50ED6A4A4B940CD08 /* libPods-available_pods-Homeric.a */ = {isa = PBXFileReference; explicitFileType = archive.ar; includeInIndex = 0; path = "libPods-available_pods-Homeric.a"; sourceTree = BUILT_PRODUCTS_DIR; };
		C7569EE487A83F7DF74713BC /* libPods-available_pods-Gusto.a */ = {isa = PBXFileReference; explicitFileType = archive.ar; includeInIndex = 0; path = "libPods-available_pods-Gusto.a"; sourceTree = BUILT_PRODUCTS_DIR; };
		D5CE2BBDEC1C24691D079A47 /* Pods-available_pods-Punnet.release.xcconfig */ = {isa = PBXFileReference; includeInIndex = 1; lastKnownFileType = text.xcconfig; name = "Pods-available_pods-Punnet.release.xcconfig"; path = "Target Support Files/Pods-available_pods-Punnet/Pods-available_pods-Punnet.release.xcconfig"; sourceTree = "<group>"; };
		D996DAA65AD8601473AAC038 /* libPods-available_pods-Punnet.a */ = {isa = PBXFileReference; explicitFileType = archive.ar; includeInIndex = 0; path = "libPods-available_pods-Punnet.a"; sourceTree = BUILT_PRODUCTS_DIR; };
		E258495B8EE79769AA654E7A /* Pods-available_pods-Elixir.release.xcconfig */ = {isa = PBXFileReference; includeInIndex = 1; lastKnownFileType = text.xcconfig; name = "Pods-available_pods-Elixir.release.xcconfig"; path = "Target Support Files/Pods-available_pods-Elixir/Pods-available_pods-Elixir.release.xcconfig"; sourceTree = "<group>"; };
		E361A6487F7177EE42F7D447 /* Pods-available_pods-Zest.debug.xcconfig */ = {isa = PBXFileReference; includeInIndex = 1; lastKnownFileType = text.xcconfig; name = "Pods-available_pods-Zest.debug.xcconfig"; path = "Target Support Files/Pods-available_pods-Zest/Pods-available_pods-Zest.debug.xcconfig"; sourceTree = "<group>"; };
		E7C6E3A8F10DCDC9363AE973 /* Pods-available_pods-Ace.debug.xcconfig */ = {isa = PBXFileReference; includeInIndex = 1; lastKnownFileType = text.xcconfig; name = "Pods-available_pods-Ace.debug.xcconfig"; path = "Target Support Files/Pods-available_pods-Ace/Pods-available_pods-Ace.debug.xcconfig"; sourceTree = "<group>"; };
		EC612FE751B63856B03488D5 /* libPods-available_pods-N2go.a */ = {isa = PBXFileReference; explicitFileType = archive.ar; includeInIndex = 0; path = "libPods-available_pods-N2go.a"; sourceTree = BUILT_PRODUCTS_DIR; };
		ED297162215061F000B7C4FE /* JavaScriptCore.framework */ = {isa = PBXFileReference; lastKnownFileType = wrapper.framework; name = JavaScriptCore.framework; path = System/Library/Frameworks/JavaScriptCore.framework; sourceTree = SDKROOT; };
		ED83E4042BEB687A00CFDE52 /* AppDelegate.mm */ = {isa = PBXFileReference; lastKnownFileType = sourcecode.cpp.objcpp; name = AppDelegate.mm; path = RoyoDriverApp/AppDelegate.mm; sourceTree = "<group>"; };
		EDE9DBA18961DF20C07E96F5 /* Pods-available_pods-Zest.release.xcconfig */ = {isa = PBXFileReference; includeInIndex = 1; lastKnownFileType = text.xcconfig; name = "Pods-available_pods-Zest.release.xcconfig"; path = "Target Support Files/Pods-available_pods-Zest/Pods-available_pods-Zest.release.xcconfig"; sourceTree = "<group>"; };
		F33D7D27AC7FE5905ADBE6DC /* Pods-available_pods-Emart.release.xcconfig */ = {isa = PBXFileReference; includeInIndex = 1; lastKnownFileType = text.xcconfig; name = "Pods-available_pods-Emart.release.xcconfig"; path = "Target Support Files/Pods-available_pods-Emart/Pods-available_pods-Emart.release.xcconfig"; sourceTree = "<group>"; };
		F544E37418F44CA9213E50A8 /* Pods-available_pods-Homeric.debug.xcconfig */ = {isa = PBXFileReference; includeInIndex = 1; lastKnownFileType = text.xcconfig; name = "Pods-available_pods-Homeric.debug.xcconfig"; path = "Target Support Files/Pods-available_pods-Homeric/Pods-available_pods-Homeric.debug.xcconfig"; sourceTree = "<group>"; };
		F5C828705961363BE123F96D /* Pods-available_pods-Voltaic.release.xcconfig */ = {isa = PBXFileReference; includeInIndex = 1; lastKnownFileType = text.xcconfig; name = "Pods-available_pods-Voltaic.release.xcconfig"; path = "Target Support Files/Pods-available_pods-Voltaic/Pods-available_pods-Voltaic.release.xcconfig"; sourceTree = "<group>"; };
/* End PBXFileReference section */

/* Begin PBXFrameworksBuildPhase section */
		4EB388702E841637007CB118 /* Frameworks */ = {
			isa = PBXFrameworksBuildPhase;
			buildActionMask = 2147483647;
			files = (
				4EB388712E841637007CB118 /* libPods-available_pods-Cla.a in Frameworks */,
			);
			runOnlyForDeploymentPostprocessing = 0;
		};
		4EF8FCF42C89DAAF001B7A88 /* Frameworks */ = {
			isa = PBXFrameworksBuildPhase;
			buildActionMask = 2147483647;
			files = (
				A2FE205AD4ED37053F188721 /* libPods-available_pods-Cla.a in Frameworks */,
			);
			runOnlyForDeploymentPostprocessing = 0;
		};
		84C206B92742762600C82ABC /* Frameworks */ = {
			isa = PBXFrameworksBuildPhase;
			buildActionMask = 2147483647;
			files = (
			);
			runOnlyForDeploymentPostprocessing = 0;
		};
/* End PBXFrameworksBuildPhase section */

/* Begin PBXGroup section */
		13B07FAE1A68108700A75B9A /* RoyoDriverApp */ = {
			isa = PBXGroup;
			children = (
				8404E57D271EDFE4000D6E95 /* Plists */,
				84CE2BC226E9E6B80066EEEE /* Fonts */,
				84E4480A26E8C50700452095 /* Configs */,
				13B07FAF1A68108700A75B9A /* AppDelegate.h */,
				13B07FB01A68108700A75B9A /* AppDelegate.m */,
				13B07FB51A68108700A75B9A /* Images.xcassets */,
				81AB9BB72411601600AC10FF /* LaunchScreen.storyboard */,
				13B07FB71A68108700A75B9A /* main.m */,
			);
			name = RoyoDriverApp;
			sourceTree = "<group>";
		};
		2D16E6871FA4F8E400B85C8A /* Frameworks */ = {
			isa = PBXGroup;
			children = (
				ED297162215061F000B7C4FE /* JavaScriptCore.framework */,
				82EA722B0CEC10DF444221D5 /* libPods-available_pods-Elixir.a */,
				885029448E647A11CDED2D0A /* libPods-available_pods-Emart.a */,
				B3ED3B98E7B99FBAC9C28208 /* libPods-available_pods-GoKab.a */,
				5DC4A35FD9D6255E804EC0F4 /* libPods-available_pods-Grub.a */,
				C7569EE487A83F7DF74713BC /* libPods-available_pods-Gusto.a */,
				C3E32BC50ED6A4A4B940CD08 /* libPods-available_pods-Homeric.a */,
				760E3C57E877CFF41A95084A /* libPods-available_pods-KhaleejTimes.a */,
				EC612FE751B63856B03488D5 /* libPods-available_pods-N2go.a */,
				D996DAA65AD8601473AAC038 /* libPods-available_pods-Punnet.a */,
				264AAB1B29DCEA57B69BCD45 /* libPods-available_pods-Spa.a */,
				935C0B3B1F972D782D2BB724 /* libPods-available_pods-Suel.a */,
				547C876406CFED4050CAE293 /* libPods-available_pods-Voltaic.a */,
				2475787E53AF81E56EA88DFE /* libPods-available_pods-Zest.a */,
				9B9D888D63DF92BA7EA782C4 /* libPods-available_pods-Cla.a */,
			);
			name = Frameworks;
			sourceTree = "<group>";
		};
		4EB388892E841694007CB118 /* HubDrives */ = {
			isa = PBXGroup;
			children = (
				4EB3888A2E8426C9007CB118 /* GoogleService-Info.plist */,
				4EB3888B2E8426C9007CB118 /* Hubdrives(Development).xcconfig */,
				4EB3888C2E8426C9007CB118 /* Hubdrives(Production).xcconfig */,
				4EB388902E8426E7007CB118 /* Images.xcassets */,
			);
			path = HubDrives;
			sourceTree = "<group>";
		};
		4EF8FD0B2C89DAC2001B7A88 /* Cla */ = {
			isa = PBXGroup;
			children = (
				4EF8FD0C2C89DAEF001B7A88 /* Cla(Development).xcconfig */,
				4EF8FD0E2C89DB11001B7A88 /* Cla(Production).xcconfig */,
				84C2093B274279C800C82ABC /* Images.xcassets */,
				4EF8FD102C89DBBD001B7A88 /* GoogleService-Info.plist */,
			);
			path = Cla;
			sourceTree = "<group>";
		};
		832341AE1AAA6A7D00B99B32 /* Libraries */ = {
			isa = PBXGroup;
			children = (
			);
			name = Libraries;
			sourceTree = "<group>";
		};
		83CBB9F61A601CBA00E9B192 = {
			isa = PBXGroup;
			children = (
				ED83E4042BEB687A00CFDE52 /* AppDelegate.mm */,
				0E9552752B627F33007AA49A /* KhaleejTimes.entitlements */,
				F49EB8FB28AE7085002888DE /* Resources-iPad */,
				84961CAA27EB061C00B58C31 /* RoyoDriverApp-Bridging-Header.h */,
				84961AE127EB05D300B58C31 /* RoyoDriverApp.swift */,
				84C27C3E270EFAF100C30CA4 /* notification.mp3 */,
				847EFFCC270AE8FA004251BE /* RoyoDriverAppRelease.entitlements */,
				13B07FAE1A68108700A75B9A /* RoyoDriverApp */,
				832341AE1AAA6A7D00B99B32 /* Libraries */,
				83CBBA001A601CBA00E9B192 /* Products */,
				2D16E6871FA4F8E400B85C8A /* Frameworks */,
				CF572E3A7184357FCBFC05E9 /* Pods */,
				8437918E272ADA2B0020A606 /* Recovered References */,
			);
			indentWidth = 0;
			sourceTree = "<group>";
			tabWidth = 2;
			usesTabs = 0;
		};
		83CBBA001A601CBA00E9B192 /* Products */ = {
			isa = PBXGroup;
			children = (
				84C206FC2742762600C82ABC /* Ace.app */,
				4EF8FD092C89DAAF001B7A88 /* Cla.app */,
				4EB388872E841637007CB118 /* HubDrives.app */,
			);
			name = Products;
			sourceTree = "<group>";
		};
		8404E57D271EDFE4000D6E95 /* Plists */ = {
			isa = PBXGroup;
			children = (
				4EB388922E842759007CB118 /* HubdrivesInfo.plist */,
				4EF8FD122C89DD65001B7A88 /* ClaInfo.plist */,
			);
			path = Plists;
			sourceTree = "<group>";
		};
		8437918E272ADA2B0020A606 /* Recovered References */ = {
			isa = PBXGroup;
			children = (
			);
			name = "Recovered References";
			sourceTree = "<group>";
		};
		84C2093A274279B000C82ABC /* Ace */ = {
			isa = PBXGroup;
			children = (
				84C20A5027427A5100C82ABC /* GoogleService-Info.plist */,
				84C20B6827427AD800C82ABC /* Ace(Development).xcconfig */,
				84C20BAE27427AEB00C82ABC /* Ace(Production).xcconfig */,
			);
			path = Ace;
			sourceTree = "<group>";
		};
		84CE2BC226E9E6B80066EEEE /* Fonts */ = {
			isa = PBXGroup;
			children = (
				84CE2BC526E9E6D20066EEEE /* campton-book.ttf */,
				84CE2BC426E9E6D20066EEEE /* campton-light.ttf */,
				84CE2BC626E9E6D20066EEEE /* campton-medium.ttf */,
				84CE2BC326E9E6D20066EEEE /* campton-semibold.ttf */,
			);
			path = Fonts;
			sourceTree = "<group>";
		};
		84E4480A26E8C50700452095 /* Configs */ = {
			isa = PBXGroup;
			children = (
				4EB388892E841694007CB118 /* HubDrives */,
				4EF8FD0B2C89DAC2001B7A88 /* Cla */,
				84C2093A274279B000C82ABC /* Ace */,
			);
			path = Configs;
			sourceTree = "<group>";
		};
		CF572E3A7184357FCBFC05E9 /* Pods */ = {
			isa = PBXGroup;
			children = (
				E7C6E3A8F10DCDC9363AE973 /* Pods-available_pods-Ace.debug.xcconfig */,
				A002453C59392DD1205D6E6C /* Pods-available_pods-Ace.release.xcconfig */,
				013A31B37FE82E15434AEE65 /* Pods-available_pods-Elixir.debug.xcconfig */,
				E258495B8EE79769AA654E7A /* Pods-available_pods-Elixir.release.xcconfig */,
				87F18BF72F9F5A8E9A52D22B /* Pods-available_pods-Emart.debug.xcconfig */,
				F33D7D27AC7FE5905ADBE6DC /* Pods-available_pods-Emart.release.xcconfig */,
				40DA47EA6BDF4F39C954630A /* Pods-available_pods-GoKab.debug.xcconfig */,
				A0BA1695F1DC845699959893 /* Pods-available_pods-GoKab.release.xcconfig */,
				A53F141A1B58A6E647D3A3CF /* Pods-available_pods-Grub.debug.xcconfig */,
				3D53603E389A8F365AE37F08 /* Pods-available_pods-Grub.release.xcconfig */,
				38F689502DA88430292A9E9E /* Pods-available_pods-Gusto.debug.xcconfig */,
				0343656180E531E4D8ABA677 /* Pods-available_pods-Gusto.release.xcconfig */,
				F544E37418F44CA9213E50A8 /* Pods-available_pods-Homeric.debug.xcconfig */,
				79907EECD7126494AA854CB2 /* Pods-available_pods-Homeric.release.xcconfig */,
				4581506D8646F2816237281E /* Pods-available_pods-KhaleejTimes.debug.xcconfig */,
				1460CE32CE29F78BB95DAAFD /* Pods-available_pods-KhaleejTimes.release.xcconfig */,
				3A91FEF0424F11BFE560973B /* Pods-available_pods-N2go.debug.xcconfig */,
				A00AA2172081777D835BD063 /* Pods-available_pods-N2go.release.xcconfig */,
				1369D0CF134EFA50A3D8C85E /* Pods-available_pods-Punnet.debug.xcconfig */,
				D5CE2BBDEC1C24691D079A47 /* Pods-available_pods-Punnet.release.xcconfig */,
				3EFBC7316EA1559E51DDA118 /* Pods-available_pods-Spa.debug.xcconfig */,
				4791F456DE1A0E6F7AE3C18A /* Pods-available_pods-Spa.release.xcconfig */,
				65CC0281F7383A26CE59BB32 /* Pods-available_pods-Suel.debug.xcconfig */,
				0A793C740CC005380D90BF06 /* Pods-available_pods-Suel.release.xcconfig */,
				A88D39359A371167344E4203 /* Pods-available_pods-Voltaic.debug.xcconfig */,
				F5C828705961363BE123F96D /* Pods-available_pods-Voltaic.release.xcconfig */,
				E361A6487F7177EE42F7D447 /* Pods-available_pods-Zest.debug.xcconfig */,
				EDE9DBA18961DF20C07E96F5 /* Pods-available_pods-Zest.release.xcconfig */,
				200517F2B74AC445933DD98D /* Pods-available_pods-Cla.debug.xcconfig */,
				909D554076BBA73C088D9DCF /* Pods-available_pods-Cla.release.xcconfig */,
			);
			path = Pods;
			sourceTree = "<group>";
		};
		F49EB8FB28AE7085002888DE /* Resources-iPad */ = {
			isa = PBXGroup;
			children = (
			);
			name = "Resources-iPad";
			sourceTree = "<group>";
		};
/* End PBXGroup section */

/* Begin PBXNativeTarget section */
		4EB388692E841637007CB118 /* HubDrives */ = {
			isa = PBXNativeTarget;
			buildConfigurationList = 4EB388842E841637007CB118 /* Build configuration list for PBXNativeTarget "HubDrives" */;
			buildPhases = (
				4EB3886A2E841637007CB118 /* [CP] Check Pods Manifest.lock */,
				4EB3886B2E841637007CB118 /* Start Packager */,
				4EB3886C2E841637007CB118 /* Sources */,
				4EB388702E841637007CB118 /* Frameworks */,
				4EB388722E841637007CB118 /* Resources */,
				4EB388812E841637007CB118 /* Bundle React Native code and images */,
				4EB388822E841637007CB118 /* [CP] Embed Pods Frameworks */,
				4EB388832E841637007CB118 /* [CP] Copy Pods Resources */,
			);
			buildRules = (
			);
			dependencies = (
			);
			name = HubDrives;
			productName = RoyoDriverApp;
			productReference = 4EB388872E841637007CB118 /* HubDrives.app */;
			productType = "com.apple.product-type.application";
		};
		4EF8FCED2C89DAAF001B7A88 /* Cla */ = {
			isa = PBXNativeTarget;
			buildConfigurationList = 4EF8FD062C89DAAF001B7A88 /* Build configuration list for PBXNativeTarget "Cla" */;
			buildPhases = (
				4EF8FCEE2C89DAAF001B7A88 /* [CP] Check Pods Manifest.lock */,
				4EF8FCEF2C89DAAF001B7A88 /* Start Packager */,
				4EF8FCF02C89DAAF001B7A88 /* Sources */,
				4EF8FCF42C89DAAF001B7A88 /* Frameworks */,
				4EF8FCF62C89DAAF001B7A88 /* Resources */,
				4EF8FD032C89DAAF001B7A88 /* Bundle React Native code and images */,
				4EF8FD042C89DAAF001B7A88 /* [CP] Embed Pods Frameworks */,
				4EF8FD052C89DAAF001B7A88 /* [CP] Copy Pods Resources */,
			);
			buildRules = (
			);
			dependencies = (
			);
			name = Cla;
			productName = RoyoDriverApp;
			productReference = 4EF8FD092C89DAAF001B7A88 /* Cla.app */;
			productType = "com.apple.product-type.application";
		};
		84C206B22742762600C82ABC /* Ace */ = {
			isa = PBXNativeTarget;
			buildConfigurationList = 84C206F92742762600C82ABC /* Build configuration list for PBXNativeTarget "Ace" */;
			buildPhases = (
				84C206B42742762600C82ABC /* Start Packager */,
				84C206B52742762600C82ABC /* Sources */,
				84C206B92742762600C82ABC /* Frameworks */,
				84C206E82742762600C82ABC /* Resources */,
				84C206F52742762600C82ABC /* Bundle React Native code and images */,
			);
			buildRules = (
			);
			dependencies = (
			);
			name = Ace;
			productName = RoyoDriverApp;
			productReference = 84C206FC2742762600C82ABC /* Ace.app */;
			productType = "com.apple.product-type.application";
		};
/* End PBXNativeTarget section */

/* Begin PBXProject section */
		83CBB9F71A601CBA00E9B192 /* Project object */ = {
			isa = PBXProject;
			attributes = {
				LastUpgradeCheck = 1210;
			};
			buildConfigurationList = 83CBB9FA1A601CBA00E9B192 /* Build configuration list for PBXProject "RoyoDriverApp" */;
			compatibilityVersion = "Xcode 12.0";
			developmentRegion = en;
			hasScannedForEncodings = 0;
			knownRegions = (
				en,
				Base,
			);
			mainGroup = 83CBB9F61A601CBA00E9B192;
			productRefGroup = 83CBBA001A601CBA00E9B192 /* Products */;
			projectDirPath = "";
			projectRoot = "";
			targets = (
				84C206B22742762600C82ABC /* Ace */,
				4EF8FCED2C89DAAF001B7A88 /* Cla */,
				4EB388692E841637007CB118 /* HubDrives */,
			);
		};
/* End PBXProject section */

/* Begin PBXResourcesBuildPhase section */
		4EB388722E841637007CB118 /* Resources */ = {
			isa = PBXResourcesBuildPhase;
			buildActionMask = 2147483647;
			files = (
				4EB388772E841637007CB118 /* LaunchScreen.storyboard in Resources */,
				4EB388782E841637007CB118 /* Ace(Development).xcconfig in Resources */,
				4EB388792E841637007CB118 /* Images.xcassets in Resources */,
				4EB3887A2E841637007CB118 /* campton-light.ttf in Resources */,
				4EB3887B2E841637007CB118 /* campton-medium.ttf in Resources */,
				4EB3887C2E841637007CB118 /* notification.mp3 in Resources */,
				4EB3887E2E841637007CB118 /* Ace(Production).xcconfig in Resources */,
				4EB3887F2E841637007CB118 /* campton-book.ttf in Resources */,
				4EB388932E842759007CB118 /* HubdrivesInfo.plist in Resources */,
				4EB388912E8426E7007CB118 /* Images.xcassets in Resources */,
				4EB3888D2E8426C9007CB118 /* Hubdrives(Development).xcconfig in Resources */,
				4EB3888E2E8426C9007CB118 /* Hubdrives(Production).xcconfig in Resources */,
				4EB3888F2E8426C9007CB118 /* GoogleService-Info.plist in Resources */,
				4EB388802E841637007CB118 /* campton-semibold.ttf in Resources */,
			);
			runOnlyForDeploymentPostprocessing = 0;
		};
		4EF8FCF62C89DAAF001B7A88 /* Resources */ = {
			isa = PBXResourcesBuildPhase;
			buildActionMask = 2147483647;
			files = (
				4EF8FD0D2C89DAEF001B7A88 /* Cla(Development).xcconfig in Resources */,
				4EF8FCF72C89DAAF001B7A88 /* Images.xcassets in Resources */,
				4EF8FD112C89DBBD001B7A88 /* GoogleService-Info.plist in Resources */,
				4EF8FD132C89DD65001B7A88 /* ClaInfo.plist in Resources */,
				4EF8FCF82C89DAAF001B7A88 /* LaunchScreen.storyboard in Resources */,
				4EF8FCF92C89DAAF001B7A88 /* Ace(Development).xcconfig in Resources */,
				4EF8FCFA2C89DAAF001B7A88 /* Images.xcassets in Resources */,
				4EF8FCFB2C89DAAF001B7A88 /* campton-light.ttf in Resources */,
				4EF8FCFD2C89DAAF001B7A88 /* campton-medium.ttf in Resources */,
				4EF8FCFE2C89DAAF001B7A88 /* notification.mp3 in Resources */,
				4EF8FD0F2C89DB11001B7A88 /* Cla(Production).xcconfig in Resources */,
				4EF8FD002C89DAAF001B7A88 /* Ace(Production).xcconfig in Resources */,
				4EF8FD012C89DAAF001B7A88 /* campton-book.ttf in Resources */,
				4EF8FD022C89DAAF001B7A88 /* campton-semibold.ttf in Resources */,
			);
			runOnlyForDeploymentPostprocessing = 0;
		};
		84C206E82742762600C82ABC /* Resources */ = {
			isa = PBXResourcesBuildPhase;
			buildActionMask = 2147483647;
			files = (
				84C2093C274279C800C82ABC /* Images.xcassets in Resources */,
				84C206E92742762600C82ABC /* LaunchScreen.storyboard in Resources */,
				84C20B6927427AD800C82ABC /* Ace(Development).xcconfig in Resources */,
				84C206EB2742762600C82ABC /* Images.xcassets in Resources */,
				84C206EC2742762600C82ABC /* campton-light.ttf in Resources */,
				4E5680672C62655100904039 /* GoogleService-Info.plist in Resources */,
				84C206ED2742762600C82ABC /* campton-medium.ttf in Resources */,
				84C206EE2742762600C82ABC /* notification.mp3 in Resources */,
				84C20BAF27427AEB00C82ABC /* Ace(Production).xcconfig in Resources */,
				84C206EF2742762600C82ABC /* campton-book.ttf in Resources */,
				84C206F42742762600C82ABC /* campton-semibold.ttf in Resources */,
			);
			runOnlyForDeploymentPostprocessing = 0;
		};
/* End PBXResourcesBuildPhase section */

/* Begin PBXShellScriptBuildPhase section */
		4EB3886A2E841637007CB118 /* [CP] Check Pods Manifest.lock */ = {
			isa = PBXShellScriptBuildPhase;
			buildActionMask = 2147483647;
			files = (
			);
			inputFileListPaths = (
			);
			inputPaths = (
				"${PODS_PODFILE_DIR_PATH}/Podfile.lock",
				"${PODS_ROOT}/Manifest.lock",
			);
			name = "[CP] Check Pods Manifest.lock";
			outputFileListPaths = (
			);
			outputPaths = (
				"$(DERIVED_FILE_DIR)/Pods-available_pods-Cla-checkManifestLockResult.txt",
			);
			runOnlyForDeploymentPostprocessing = 0;
			shellPath = /bin/sh;
			shellScript = "diff \"${PODS_PODFILE_DIR_PATH}/Podfile.lock\" \"${PODS_ROOT}/Manifest.lock\" > /dev/null\nif [ $? != 0 ] ; then\n    # print error to STDERR\n    echo \"error: The sandbox is not in sync with the Podfile.lock. Run 'pod install' or update your CocoaPods installation.\" >&2\n    exit 1\nfi\n# This output is used by Xcode 'outputs' to avoid re-running this script phase.\necho \"SUCCESS\" > \"${SCRIPT_OUTPUT_FILE_0}\"\n";
			showEnvVarsInLog = 0;
		};
		4EB3886B2E841637007CB118 /* Start Packager */ = {
			isa = PBXShellScriptBuildPhase;
			buildActionMask = 2147483647;
			files = (
			);
			inputFileListPaths = (
			);
			inputPaths = (
			);
			name = "Start Packager";
			outputFileListPaths = (
			);
			outputPaths = (
			);
			runOnlyForDeploymentPostprocessing = 0;
			shellPath = /bin/sh;
			shellScript = "export RCT_METRO_PORT=\"${RCT_METRO_PORT:=8081}\"\necho \"export RCT_METRO_PORT=${RCT_METRO_PORT}\" > \"${SRCROOT}/../node_modules/react-native/scripts/.packager.env\"\nif [ -z \"${RCT_NO_LAUNCH_PACKAGER+xxx}\" ] ; then\n  if nc -w 5 -z localhost ${RCT_METRO_PORT} ; then\n    if ! curl -s \"http://localhost:${RCT_METRO_PORT}/status\" | grep -q \"packager-status:running\" ; then\n      echo \"Port ${RCT_METRO_PORT} already in use, packager is either not running or not running correctly\"\n      exit 2\n    fi\n  else\n    open \"$SRCROOT/../node_modules/react-native/scripts/launchPackager.command\" || echo \"Can't start packager automatically\"\n  fi\nfi\n";
			showEnvVarsInLog = 0;
		};
		4EB388812E841637007CB118 /* Bundle React Native code and images */ = {
			isa = PBXShellScriptBuildPhase;
			buildActionMask = 2147483647;
			files = (
			);
			inputPaths = (
			);
			name = "Bundle React Native code and images";
			outputPaths = (
			);
			runOnlyForDeploymentPostprocessing = 0;
			shellPath = /bin/sh;
			shellScript = "set -e\n\nexport NODE_BINARY=node\n../node_modules/react-native/scripts/react-native-xcode.sh\n";
		};
		4EB388822E841637007CB118 /* [CP] Embed Pods Frameworks */ = {
			isa = PBXShellScriptBuildPhase;
			buildActionMask = 2147483647;
			files = (
			);
			inputFileListPaths = (
				"${PODS_ROOT}/Target Support Files/Pods-available_pods-Cla/Pods-available_pods-Cla-frameworks-${CONFIGURATION}-input-files.xcfilelist",
			);
			name = "[CP] Embed Pods Frameworks";
			outputFileListPaths = (
				"${PODS_ROOT}/Target Support Files/Pods-available_pods-Cla/Pods-available_pods-Cla-frameworks-${CONFIGURATION}-output-files.xcfilelist",
			);
			runOnlyForDeploymentPostprocessing = 0;
			shellPath = /bin/sh;
			shellScript = "\"${PODS_ROOT}/Target Support Files/Pods-available_pods-Cla/Pods-available_pods-Cla-frameworks.sh\"\n";
			showEnvVarsInLog = 0;
		};
		4EB388832E841637007CB118 /* [CP] Copy Pods Resources */ = {
			isa = PBXShellScriptBuildPhase;
			buildActionMask = 2147483647;
			files = (
			);
			inputFileListPaths = (
				"${PODS_ROOT}/Target Support Files/Pods-available_pods-Cla/Pods-available_pods-Cla-resources-${CONFIGURATION}-input-files.xcfilelist",
			);
			name = "[CP] Copy Pods Resources";
			outputFileListPaths = (
				"${PODS_ROOT}/Target Support Files/Pods-available_pods-Cla/Pods-available_pods-Cla-resources-${CONFIGURATION}-output-files.xcfilelist",
			);
			runOnlyForDeploymentPostprocessing = 0;
			shellPath = /bin/sh;
			shellScript = "\"${PODS_ROOT}/Target Support Files/Pods-available_pods-Cla/Pods-available_pods-Cla-resources.sh\"\n";
			showEnvVarsInLog = 0;
		};
		4EF8FCEE2C89DAAF001B7A88 /* [CP] Check Pods Manifest.lock */ = {
			isa = PBXShellScriptBuildPhase;
			buildActionMask = 2147483647;
			files = (
			);
			inputFileListPaths = (
			);
			inputPaths = (
				"${PODS_PODFILE_DIR_PATH}/Podfile.lock",
				"${PODS_ROOT}/Manifest.lock",
			);
			name = "[CP] Check Pods Manifest.lock";
			outputFileListPaths = (
			);
			outputPaths = (
				"$(DERIVED_FILE_DIR)/Pods-available_pods-Cla-checkManifestLockResult.txt",
			);
			runOnlyForDeploymentPostprocessing = 0;
			shellPath = /bin/sh;
			shellScript = "diff \"${PODS_PODFILE_DIR_PATH}/Podfile.lock\" \"${PODS_ROOT}/Manifest.lock\" > /dev/null\nif [ $? != 0 ] ; then\n    # print error to STDERR\n    echo \"error: The sandbox is not in sync with the Podfile.lock. Run 'pod install' or update your CocoaPods installation.\" >&2\n    exit 1\nfi\n# This output is used by Xcode 'outputs' to avoid re-running this script phase.\necho \"SUCCESS\" > \"${SCRIPT_OUTPUT_FILE_0}\"\n";
			showEnvVarsInLog = 0;
		};
		4EF8FCEF2C89DAAF001B7A88 /* Start Packager */ = {
			isa = PBXShellScriptBuildPhase;
			buildActionMask = 2147483647;
			files = (
			);
			inputFileListPaths = (
			);
			inputPaths = (
			);
			name = "Start Packager";
			outputFileListPaths = (
			);
			outputPaths = (
			);
			runOnlyForDeploymentPostprocessing = 0;
			shellPath = /bin/sh;
			shellScript = "export RCT_METRO_PORT=\"${RCT_METRO_PORT:=8081}\"\necho \"export RCT_METRO_PORT=${RCT_METRO_PORT}\" > \"${SRCROOT}/../node_modules/react-native/scripts/.packager.env\"\nif [ -z \"${RCT_NO_LAUNCH_PACKAGER+xxx}\" ] ; then\n  if nc -w 5 -z localhost ${RCT_METRO_PORT} ; then\n    if ! curl -s \"http://localhost:${RCT_METRO_PORT}/status\" | grep -q \"packager-status:running\" ; then\n      echo \"Port ${RCT_METRO_PORT} already in use, packager is either not running or not running correctly\"\n      exit 2\n    fi\n  else\n    open \"$SRCROOT/../node_modules/react-native/scripts/launchPackager.command\" || echo \"Can't start packager automatically\"\n  fi\nfi\n";
			showEnvVarsInLog = 0;
		};
		4EF8FD032C89DAAF001B7A88 /* Bundle React Native code and images */ = {
			isa = PBXShellScriptBuildPhase;
			buildActionMask = 2147483647;
			files = (
			);
			inputPaths = (
			);
			name = "Bundle React Native code and images";
			outputPaths = (
			);
			runOnlyForDeploymentPostprocessing = 0;
			shellPath = /bin/sh;
			shellScript = "set -e\n\nexport NODE_BINARY=node\n../node_modules/react-native/scripts/react-native-xcode.sh\n";
		};
		4EF8FD042C89DAAF001B7A88 /* [CP] Embed Pods Frameworks */ = {
			isa = PBXShellScriptBuildPhase;
			buildActionMask = 2147483647;
			files = (
			);
			inputFileListPaths = (
				"${PODS_ROOT}/Target Support Files/Pods-available_pods-Cla/Pods-available_pods-Cla-frameworks-${CONFIGURATION}-input-files.xcfilelist",
			);
			name = "[CP] Embed Pods Frameworks";
			outputFileListPaths = (
				"${PODS_ROOT}/Target Support Files/Pods-available_pods-Cla/Pods-available_pods-Cla-frameworks-${CONFIGURATION}-output-files.xcfilelist",
			);
			runOnlyForDeploymentPostprocessing = 0;
			shellPath = /bin/sh;
			shellScript = "\"${PODS_ROOT}/Target Support Files/Pods-available_pods-Cla/Pods-available_pods-Cla-frameworks.sh\"\n";
			showEnvVarsInLog = 0;
		};
		4EF8FD052C89DAAF001B7A88 /* [CP] Copy Pods Resources */ = {
			isa = PBXShellScriptBuildPhase;
			buildActionMask = 2147483647;
			files = (
			);
			inputFileListPaths = (
				"${PODS_ROOT}/Target Support Files/Pods-available_pods-Cla/Pods-available_pods-Cla-resources-${CONFIGURATION}-input-files.xcfilelist",
			);
			name = "[CP] Copy Pods Resources";
			outputFileListPaths = (
				"${PODS_ROOT}/Target Support Files/Pods-available_pods-Cla/Pods-available_pods-Cla-resources-${CONFIGURATION}-output-files.xcfilelist",
			);
			runOnlyForDeploymentPostprocessing = 0;
			shellPath = /bin/sh;
			shellScript = "\"${PODS_ROOT}/Target Support Files/Pods-available_pods-Cla/Pods-available_pods-Cla-resources.sh\"\n";
			showEnvVarsInLog = 0;
		};
		84C206B42742762600C82ABC /* Start Packager */ = {
			isa = PBXShellScriptBuildPhase;
			buildActionMask = 2147483647;
			files = (
			);
			inputFileListPaths = (
			);
			inputPaths = (
			);
			name = "Start Packager";
			outputFileListPaths = (
			);
			outputPaths = (
			);
			runOnlyForDeploymentPostprocessing = 0;
			shellPath = /bin/sh;
			shellScript = "export RCT_METRO_PORT=\"${RCT_METRO_PORT:=8081}\"\necho \"export RCT_METRO_PORT=${RCT_METRO_PORT}\" > \"${SRCROOT}/../node_modules/react-native/scripts/.packager.env\"\nif [ -z \"${RCT_NO_LAUNCH_PACKAGER+xxx}\" ] ; then\n  if nc -w 5 -z localhost ${RCT_METRO_PORT} ; then\n    if ! curl -s \"http://localhost:${RCT_METRO_PORT}/status\" | grep -q \"packager-status:running\" ; then\n      echo \"Port ${RCT_METRO_PORT} already in use, packager is either not running or not running correctly\"\n      exit 2\n    fi\n  else\n    open \"$SRCROOT/../node_modules/react-native/scripts/launchPackager.command\" || echo \"Can't start packager automatically\"\n  fi\nfi\n";
			showEnvVarsInLog = 0;
		};
		84C206F52742762600C82ABC /* Bundle React Native code and images */ = {
			isa = PBXShellScriptBuildPhase;
			buildActionMask = 2147483647;
			files = (
			);
			inputPaths = (
			);
			name = "Bundle React Native code and images";
			outputPaths = (
			);
			runOnlyForDeploymentPostprocessing = 0;
			shellPath = /bin/sh;
			shellScript = "set -e\n\nexport NODE_BINARY=node\n../node_modules/react-native/scripts/react-native-xcode.sh\n";
		};
/* End PBXShellScriptBuildPhase section */

/* Begin PBXSourcesBuildPhase section */
		4EB3886C2E841637007CB118 /* Sources */ = {
			isa = PBXSourcesBuildPhase;
			buildActionMask = 2147483647;
			files = (
				4EB3886D2E841637007CB118 /* AppDelegate.mm in Sources */,
				4EB3886E2E841637007CB118 /* RoyoDriverApp.swift in Sources */,
				4EB3886F2E841637007CB118 /* main.m in Sources */,
			);
			runOnlyForDeploymentPostprocessing = 0;
		};
		4EF8FCF02C89DAAF001B7A88 /* Sources */ = {
			isa = PBXSourcesBuildPhase;
			buildActionMask = 2147483647;
			files = (
				4EF8FCF12C89DAAF001B7A88 /* AppDelegate.mm in Sources */,
				4EF8FCF22C89DAAF001B7A88 /* RoyoDriverApp.swift in Sources */,
				4EF8FCF32C89DAAF001B7A88 /* main.m in Sources */,
			);
			runOnlyForDeploymentPostprocessing = 0;
		};
		84C206B52742762600C82ABC /* Sources */ = {
			isa = PBXSourcesBuildPhase;
			buildActionMask = 2147483647;
			files = (
				ED83E4052BEB687A00CFDE52 /* AppDelegate.mm in Sources */,
				84961B2527EB05D400B58C31 /* RoyoDriverApp.swift in Sources */,
				84C206B82742762600C82ABC /* main.m in Sources */,
			);
			runOnlyForDeploymentPostprocessing = 0;
		};
/* End PBXSourcesBuildPhase section */

/* Begin XCBuildConfiguration section */
		4EB388852E841637007CB118 /* Debug */ = {
			isa = XCBuildConfiguration;
			baseConfigurationReference = 4EB3888B2E8426C9007CB118 /* Hubdrives(Development).xcconfig */;
			buildSettings = {
				ASSETCATALOG_COMPILER_APPICON_NAME = AppIcon;
				CLANG_ENABLE_MODULES = YES;
				CODE_SIGN_ENTITLEMENTS = RoyoDriverApp/RoyoDriverAppRelease.entitlements;
				CODE_SIGN_IDENTITY = "Apple Development";
				CODE_SIGN_STYLE = Automatic;
				CURRENT_PROJECT_VERSION = "$(PROJECT_BUILD_NUMBER)";
				DEVELOPMENT_TEAM = 6FXUMT5X23;
				ENABLE_BITCODE = NO;
				"EXCLUDED_ARCHS[sdk=iphonesimulator*]" = arm64;
				HEADER_SEARCH_PATHS = "$(inherited)";
				INFOPLIST_FILE = "Cla copy-Info.plist";
				LD_RUNPATH_SEARCH_PATHS = (
					"$(inherited)",
					"@executable_path/Frameworks",
				);
				MARKETING_VERSION = "$(PROJECT_APP_VERSION)";
				OTHER_LDFLAGS = (
					"$(inherited)",
					"-ObjC",
					"-lc++",
				);
				PRODUCT_BUNDLE_IDENTIFIER = "$(PROJECT_BUNDLE_ID)";
				PRODUCT_NAME = "$(TARGET_NAME)";
				PROJECT_APP_NAME = "${PROJECT_APP_NAME}";
				PROJECT_APP_VERSION = "$(PROJECT_APP_VERSION)";
				PROJECT_BUILD_NUMBER = "$(PROJECT_BUILD_NUMBER)";
				PROJECT_BUNDLE_ID = "$(PROJECT_BUNDLE_ID)";
				PROJECT_NAME = "${PROJECT_NAME}";
				PROJECT_PLIST = "$(PROJECT_PLIST)";
				PROVISIONING_PROFILE_SPECIFIER = "";
				SWIFT_OBJC_BRIDGING_HEADER = "RoyoDriverApp-Bridging-Header.h";
				SWIFT_OPTIMIZATION_LEVEL = "-Onone";
				SWIFT_VERSION = 5.0;
				VERSIONING_SYSTEM = "apple-generic";
			};
			name = Debug;
		};
		4EB388862E841637007CB118 /* Release */ = {
			isa = XCBuildConfiguration;
			baseConfigurationReference = 4EB3888C2E8426C9007CB118 /* Hubdrives(Production).xcconfig */;
			buildSettings = {
				ASSETCATALOG_COMPILER_APPICON_NAME = AppIcon;
				CLANG_ENABLE_MODULES = YES;
				CODE_SIGN_ENTITLEMENTS = RoyoDriverApp/RoyoDriverAppRelease.entitlements;
				CODE_SIGN_IDENTITY = "Apple Development";
				CODE_SIGN_STYLE = Automatic;
				CURRENT_PROJECT_VERSION = "$(PROJECT_BUILD_NUMBER)";
				DEVELOPMENT_TEAM = 6FXUMT5X23;
				HEADER_SEARCH_PATHS = "$(inherited)";
				INFOPLIST_FILE = "Cla copy-Info.plist";
				LD_RUNPATH_SEARCH_PATHS = (
					"$(inherited)",
					"@executable_path/Frameworks",
				);
				MARKETING_VERSION = "$(PROJECT_APP_VERSION)";
				OTHER_LDFLAGS = (
					"$(inherited)",
					"-ObjC",
					"-lc++",
				);
				PRODUCT_BUNDLE_IDENTIFIER = "$(PROJECT_BUNDLE_ID)";
				PRODUCT_NAME = "$(TARGET_NAME)";
				PROJECT_APP_NAME = "${PROJECT_APP_NAME}";
				PROJECT_APP_VERSION = "$(PROJECT_APP_VERSION)";
				PROJECT_BUILD_NUMBER = "$(PROJECT_BUILD_NUMBER)";
				PROJECT_BUNDLE_ID = "$(PROJECT_BUNDLE_ID)";
				PROJECT_NAME = "${PROJECT_NAME}";
				PROJECT_PLIST = "$(PROJECT_PLIST)";
				PROVISIONING_PROFILE_SPECIFIER = "";
				SWIFT_OBJC_BRIDGING_HEADER = "RoyoDriverApp-Bridging-Header.h";
				SWIFT_VERSION = 5.0;
				VERSIONING_SYSTEM = "apple-generic";
			};
			name = Release;
		};
		4EF8FD072C89DAAF001B7A88 /* Debug */ = {
			isa = XCBuildConfiguration;
			baseConfigurationReference = 4EF8FD0C2C89DAEF001B7A88 /* Cla(Development).xcconfig */;
			buildSettings = {
				ASSETCATALOG_COMPILER_APPICON_NAME = AppIcon;
				CLANG_ENABLE_MODULES = YES;
				CODE_SIGN_ENTITLEMENTS = RoyoDriverApp/RoyoDriverAppRelease.entitlements;
				CODE_SIGN_IDENTITY = "Apple Development";
				CODE_SIGN_STYLE = Automatic;
				CURRENT_PROJECT_VERSION = "$(PROJECT_BUILD_NUMBER)";
				DEVELOPMENT_TEAM = 6FXUMT5X23;
				ENABLE_BITCODE = NO;
				"EXCLUDED_ARCHS[sdk=iphonesimulator*]" = arm64;
				HEADER_SEARCH_PATHS = "$(inherited)";
				INFOPLIST_FILE = "Ace copy-Info.plist";
				LD_RUNPATH_SEARCH_PATHS = (
					"$(inherited)",
					"@executable_path/Frameworks",
				);
				MARKETING_VERSION = "$(PROJECT_APP_VERSION)";
				OTHER_LDFLAGS = (
					"$(inherited)",
					"-ObjC",
					"-lc++",
				);
				PRODUCT_BUNDLE_IDENTIFIER = "$(PROJECT_BUNDLE_ID)";
				PRODUCT_NAME = "$(TARGET_NAME)";
				PROJECT_APP_NAME = "${PROJECT_APP_NAME}";
				PROJECT_APP_VERSION = "$(PROJECT_APP_VERSION)";
				PROJECT_BUILD_NUMBER = "$(PROJECT_BUILD_NUMBER)";
				PROJECT_BUNDLE_ID = "$(PROJECT_BUNDLE_ID)";
				PROJECT_NAME = "${PROJECT_NAME}";
				PROJECT_PLIST = "$(PROJECT_PLIST)";
				PROVISIONING_PROFILE_SPECIFIER = "";
				SWIFT_OBJC_BRIDGING_HEADER = "RoyoDriverApp-Bridging-Header.h";
				SWIFT_OPTIMIZATION_LEVEL = "-Onone";
				SWIFT_VERSION = 5.0;
				VERSIONING_SYSTEM = "apple-generic";
			};
			name = Debug;
		};
		4EF8FD082C89DAAF001B7A88 /* Release */ = {
			isa = XCBuildConfiguration;
			baseConfigurationReference = 4EF8FD0E2C89DB11001B7A88 /* Cla(Production).xcconfig */;
			buildSettings = {
				ASSETCATALOG_COMPILER_APPICON_NAME = AppIcon;
				CLANG_ENABLE_MODULES = YES;
				CODE_SIGN_ENTITLEMENTS = RoyoDriverApp/RoyoDriverAppRelease.entitlements;
				CODE_SIGN_IDENTITY = "iPhone Distribution";
				CODE_SIGN_STYLE = Manual;
				CURRENT_PROJECT_VERSION = "$(PROJECT_BUILD_NUMBER)";
				DEVELOPMENT_TEAM = 6FXUMT5X23;
				"DEVELOPMENT_TEAM[sdk=iphoneos*]" = 6FXUMT5X23;
				HEADER_SEARCH_PATHS = "$(inherited)";
				INFOPLIST_FILE = "Ace copy-Info.plist";
				LD_RUNPATH_SEARCH_PATHS = (
					"$(inherited)",
					"@executable_path/Frameworks",
				);
				MARKETING_VERSION = "$(PROJECT_APP_VERSION)";
				OTHER_LDFLAGS = (
					"$(inherited)",
					"-ObjC",
					"-lc++",
				);
				PRODUCT_BUNDLE_IDENTIFIER = "$(PROJECT_BUNDLE_ID)";
				PRODUCT_NAME = "$(TARGET_NAME)";
				PROJECT_APP_NAME = "${PROJECT_APP_NAME}";
				PROJECT_APP_VERSION = "$(PROJECT_APP_VERSION)";
				PROJECT_BUILD_NUMBER = "$(PROJECT_BUILD_NUMBER)";
				PROJECT_BUNDLE_ID = "$(PROJECT_BUNDLE_ID)";
				PROJECT_NAME = "${PROJECT_NAME}";
				PROJECT_PLIST = "$(PROJECT_PLIST)";
				PROVISIONING_PROFILE_SPECIFIER = "Ace Dispatch[App Store]";
				"PROVISIONING_PROFILE_SPECIFIER[sdk=iphoneos*]" = "Ace Dispatch";
				SWIFT_OBJC_BRIDGING_HEADER = "RoyoDriverApp-Bridging-Header.h";
				SWIFT_VERSION = 5.0;
				VERSIONING_SYSTEM = "apple-generic";
			};
			name = Release;
		};
		83CBBA201A601CBA00E9B192 /* Debug */ = {
			isa = XCBuildConfiguration;
			buildSettings = {
				ALWAYS_SEARCH_USER_PATHS = NO;
				CC = "";
				CLANG_ANALYZER_LOCALIZABILITY_NONLOCALIZED = YES;
				CLANG_CXX_LANGUAGE_STANDARD = "c++20";
				CLANG_CXX_LIBRARY = "libc++";
				CLANG_ENABLE_MODULES = YES;
				CLANG_ENABLE_OBJC_ARC = YES;
				CLANG_WARN_BLOCK_CAPTURE_AUTORELEASING = YES;
				CLANG_WARN_BOOL_CONVERSION = YES;
				CLANG_WARN_COMMA = YES;
				CLANG_WARN_CONSTANT_CONVERSION = YES;
				CLANG_WARN_DEPRECATED_OBJC_IMPLEMENTATIONS = YES;
				CLANG_WARN_DIRECT_OBJC_ISA_USAGE = YES_ERROR;
				CLANG_WARN_EMPTY_BODY = YES;
				CLANG_WARN_ENUM_CONVERSION = YES;
				CLANG_WARN_INFINITE_RECURSION = YES;
				CLANG_WARN_INT_CONVERSION = YES;
				CLANG_WARN_NON_LITERAL_NULL_CONVERSION = YES;
				CLANG_WARN_OBJC_IMPLICIT_RETAIN_SELF = YES;
				CLANG_WARN_OBJC_LITERAL_CONVERSION = YES;
				CLANG_WARN_OBJC_ROOT_CLASS = YES_ERROR;
				CLANG_WARN_QUOTED_INCLUDE_IN_FRAMEWORK_HEADER = YES;
				CLANG_WARN_RANGE_LOOP_ANALYSIS = YES;
				CLANG_WARN_STRICT_PROTOTYPES = YES;
				CLANG_WARN_SUSPICIOUS_MOVE = YES;
				CLANG_WARN_UNREACHABLE_CODE = YES;
				CLANG_WARN__DUPLICATE_METHOD_MATCH = YES;
				"CODE_SIGN_IDENTITY[sdk=iphoneos*]" = "iPhone Developer";
				COPY_PHASE_STRIP = NO;
				CXX = "";
				ENABLE_STRICT_OBJC_MSGSEND = YES;
				ENABLE_TESTABILITY = YES;
				"EXCLUDED_ARCHS[sdk=iphonesimulator*]" = "";
				GCC_C_LANGUAGE_STANDARD = gnu99;
				GCC_DYNAMIC_NO_PIC = NO;
				GCC_NO_COMMON_BLOCKS = YES;
				GCC_OPTIMIZATION_LEVEL = 0;
				GCC_PREPROCESSOR_DEFINITIONS = (
					"DEBUG=1",
					"$(inherited)",
				);
				GCC_SYMBOLS_PRIVATE_EXTERN = NO;
				GCC_WARN_64_TO_32_BIT_CONVERSION = YES;
				GCC_WARN_ABOUT_RETURN_TYPE = YES_ERROR;
				GCC_WARN_UNDECLARED_SELECTOR = YES;
				GCC_WARN_UNINITIALIZED_AUTOS = YES_AGGRESSIVE;
				GCC_WARN_UNUSED_FUNCTION = YES;
				GCC_WARN_UNUSED_VARIABLE = YES;
				IPHONEOS_DEPLOYMENT_TARGET = 11.0;
				LD = "";
				LDPLUSPLUS = "";
				LD_RUNPATH_SEARCH_PATHS = (
					/usr/lib/swift,
					"$(inherited)",
				);
				LIBRARY_SEARCH_PATHS = "$(SDKROOT)/usr/lib/swift\"$(inherited)\"";
				MTL_ENABLE_DEBUG_INFO = YES;
				ONLY_ACTIVE_ARCH = YES;
				OTHER_LDFLAGS = "$(inherited)  ";
				REACT_NATIVE_PATH = "${PODS_ROOT}/../../node_modules/react-native";
				SDKROOT = iphoneos;
				USE_HERMES = true;
			};
			name = Debug;
		};
		83CBBA211A601CBA00E9B192 /* Release */ = {
			isa = XCBuildConfiguration;
			buildSettings = {
				ALWAYS_SEARCH_USER_PATHS = NO;
				CC = "";
				CLANG_ANALYZER_LOCALIZABILITY_NONLOCALIZED = YES;
				CLANG_CXX_LANGUAGE_STANDARD = "c++20";
				CLANG_CXX_LIBRARY = "libc++";
				CLANG_ENABLE_MODULES = YES;
				CLANG_ENABLE_OBJC_ARC = YES;
				CLANG_WARN_BLOCK_CAPTURE_AUTORELEASING = YES;
				CLANG_WARN_BOOL_CONVERSION = YES;
				CLANG_WARN_COMMA = YES;
				CLANG_WARN_CONSTANT_CONVERSION = YES;
				CLANG_WARN_DEPRECATED_OBJC_IMPLEMENTATIONS = YES;
				CLANG_WARN_DIRECT_OBJC_ISA_USAGE = YES_ERROR;
				CLANG_WARN_EMPTY_BODY = YES;
				CLANG_WARN_ENUM_CONVERSION = YES;
				CLANG_WARN_INFINITE_RECURSION = YES;
				CLANG_WARN_INT_CONVERSION = YES;
				CLANG_WARN_NON_LITERAL_NULL_CONVERSION = YES;
				CLANG_WARN_OBJC_IMPLICIT_RETAIN_SELF = YES;
				CLANG_WARN_OBJC_LITERAL_CONVERSION = YES;
				CLANG_WARN_OBJC_ROOT_CLASS = YES_ERROR;
				CLANG_WARN_QUOTED_INCLUDE_IN_FRAMEWORK_HEADER = YES;
				CLANG_WARN_RANGE_LOOP_ANALYSIS = YES;
				CLANG_WARN_STRICT_PROTOTYPES = YES;
				CLANG_WARN_SUSPICIOUS_MOVE = YES;
				CLANG_WARN_UNREACHABLE_CODE = YES;
				CLANG_WARN__DUPLICATE_METHOD_MATCH = YES;
				"CODE_SIGN_IDENTITY[sdk=iphoneos*]" = "iPhone Developer";
				COPY_PHASE_STRIP = YES;
				CXX = "";
				ENABLE_NS_ASSERTIONS = NO;
				ENABLE_STRICT_OBJC_MSGSEND = YES;
				"EXCLUDED_ARCHS[sdk=iphonesimulator*]" = "";
				GCC_C_LANGUAGE_STANDARD = gnu99;
				GCC_NO_COMMON_BLOCKS = YES;
				GCC_WARN_64_TO_32_BIT_CONVERSION = YES;
				GCC_WARN_ABOUT_RETURN_TYPE = YES_ERROR;
				GCC_WARN_UNDECLARED_SELECTOR = YES;
				GCC_WARN_UNINITIALIZED_AUTOS = YES_AGGRESSIVE;
				GCC_WARN_UNUSED_FUNCTION = YES;
				GCC_WARN_UNUSED_VARIABLE = YES;
				IPHONEOS_DEPLOYMENT_TARGET = 11.0;
				LD = "";
				LDPLUSPLUS = "";
				LD_RUNPATH_SEARCH_PATHS = (
					/usr/lib/swift,
					"$(inherited)",
				);
				LIBRARY_SEARCH_PATHS = "$(SDKROOT)/usr/lib/swift\"$(inherited)\"";
				MTL_ENABLE_DEBUG_INFO = NO;
				OTHER_LDFLAGS = "$(inherited)  ";
				REACT_NATIVE_PATH = "${PODS_ROOT}/../../node_modules/react-native";
				SDKROOT = iphoneos;
				USE_HERMES = true;
				VALIDATE_PRODUCT = YES;
			};
			name = Release;
		};
		84C206FA2742762600C82ABC /* Debug */ = {
			isa = XCBuildConfiguration;
			baseConfigurationReference = 84C20B6827427AD800C82ABC /* Ace(Development).xcconfig */;
			buildSettings = {
				ASSETCATALOG_COMPILER_APPICON_NAME = AppIcon;
				CLANG_ENABLE_MODULES = YES;
				CODE_SIGN_ENTITLEMENTS = RoyoDriverApp/RoyoDriverAppRelease.entitlements;
				CODE_SIGN_IDENTITY = "Apple Development";
				CODE_SIGN_STYLE = Automatic;
				CURRENT_PROJECT_VERSION = "$(PROJECT_BUILD_NUMBER)";
				DEVELOPMENT_TEAM = 6FXUMT5X23;
				ENABLE_BITCODE = NO;
				"EXCLUDED_ARCHS[sdk=iphonesimulator*]" = arm64;
				HEADER_SEARCH_PATHS = "$(inherited)";
				INFOPLIST_FILE = "$(SRCROOT)/Plists/$(PROJECT_PLIST).plist";
				LD_RUNPATH_SEARCH_PATHS = (
					"$(inherited)",
					"@executable_path/Frameworks",
				);
				MARKETING_VERSION = "$(PROJECT_APP_VERSION)";
				OTHER_LDFLAGS = (
					"$(inherited)",
					"-ObjC",
					"-lc++",
				);
				PRODUCT_BUNDLE_IDENTIFIER = "$(PROJECT_BUNDLE_ID)";
				PRODUCT_NAME = "$(TARGET_NAME)";
				PROJECT_APP_NAME = "${PROJECT_APP_NAME}";
				PROJECT_APP_VERSION = "$(PROJECT_APP_VERSION)";
				PROJECT_BUILD_NUMBER = "$(PROJECT_BUILD_NUMBER)";
				PROJECT_BUNDLE_ID = "$(PROJECT_BUNDLE_ID)";
				PROJECT_NAME = "${PROJECT_NAME}";
				PROJECT_PLIST = "$(PROJECT_PLIST)";
				PROVISIONING_PROFILE_SPECIFIER = "";
				SWIFT_OBJC_BRIDGING_HEADER = "RoyoDriverApp-Bridging-Header.h";
				SWIFT_OPTIMIZATION_LEVEL = "-Onone";
				SWIFT_VERSION = 5.0;
				VERSIONING_SYSTEM = "apple-generic";
			};
			name = Debug;
		};
		84C206FB2742762600C82ABC /* Release */ = {
			isa = XCBuildConfiguration;
			baseConfigurationReference = 84C20BAE27427AEB00C82ABC /* Ace(Production).xcconfig */;
			buildSettings = {
				ASSETCATALOG_COMPILER_APPICON_NAME = AppIcon;
				CLANG_ENABLE_MODULES = YES;
				CODE_SIGN_ENTITLEMENTS = RoyoDriverApp/RoyoDriverAppRelease.entitlements;
				CODE_SIGN_IDENTITY = "iPhone Distribution";
				CODE_SIGN_STYLE = Manual;
				CURRENT_PROJECT_VERSION = "$(PROJECT_BUILD_NUMBER)";
				DEVELOPMENT_TEAM = 6FXUMT5X23;
				"DEVELOPMENT_TEAM[sdk=iphoneos*]" = 6FXUMT5X23;
				HEADER_SEARCH_PATHS = "$(inherited)";
				INFOPLIST_FILE = "$(SRCROOT)/Plists/$(PROJECT_PLIST).plist";
				LD_RUNPATH_SEARCH_PATHS = (
					"$(inherited)",
					"@executable_path/Frameworks",
				);
				MARKETING_VERSION = "$(PROJECT_APP_VERSION)";
				OTHER_LDFLAGS = (
					"$(inherited)",
					"-ObjC",
					"-lc++",
				);
				PRODUCT_BUNDLE_IDENTIFIER = "$(PROJECT_BUNDLE_ID)";
				PRODUCT_NAME = "$(TARGET_NAME)";
				PROJECT_APP_NAME = "${PROJECT_APP_NAME}";
				PROJECT_APP_VERSION = "$(PROJECT_APP_VERSION)";
				PROJECT_BUILD_NUMBER = "$(PROJECT_BUILD_NUMBER)";
				PROJECT_BUNDLE_ID = "$(PROJECT_BUNDLE_ID)";
				PROJECT_NAME = "${PROJECT_NAME}";
				PROJECT_PLIST = "$(PROJECT_PLIST)";
				PROVISIONING_PROFILE_SPECIFIER = "Ace Dispatch[App Store]";
				"PROVISIONING_PROFILE_SPECIFIER[sdk=iphoneos*]" = "Ace Dispatch";
				SWIFT_OBJC_BRIDGING_HEADER = "RoyoDriverApp-Bridging-Header.h";
				SWIFT_VERSION = 5.0;
				VERSIONING_SYSTEM = "apple-generic";
			};
			name = Release;
		};
/* End XCBuildConfiguration section */

/* Begin XCConfigurationList section */
		4EB388842E841637007CB118 /* Build configuration list for PBXNativeTarget "HubDrives" */ = {
			isa = XCConfigurationList;
			buildConfigurations = (
				4EB388852E841637007CB118 /* Debug */,
				4EB388862E841637007CB118 /* Release */,
			);
			defaultConfigurationIsVisible = 0;
			defaultConfigurationName = Release;
		};
		4EF8FD062C89DAAF001B7A88 /* Build configuration list for PBXNativeTarget "Cla" */ = {
			isa = XCConfigurationList;
			buildConfigurations = (
				4EF8FD072C89DAAF001B7A88 /* Debug */,
				4EF8FD082C89DAAF001B7A88 /* Release */,
			);
			defaultConfigurationIsVisible = 0;
			defaultConfigurationName = Release;
		};
		83CBB9FA1A601CBA00E9B192 /* Build configuration list for PBXProject "RoyoDriverApp" */ = {
			isa = XCConfigurationList;
			buildConfigurations = (
				83CBBA201A601CBA00E9B192 /* Debug */,
				83CBBA211A601CBA00E9B192 /* Release */,
			);
			defaultConfigurationIsVisible = 0;
			defaultConfigurationName = Release;
		};
		84C206F92742762600C82ABC /* Build configuration list for PBXNativeTarget "Ace" */ = {
			isa = XCConfigurationList;
			buildConfigurations = (
				84C206FA2742762600C82ABC /* Debug */,
				84C206FB2742762600C82ABC /* Release */,
			);
			defaultConfigurationIsVisible = 0;
			defaultConfigurationName = Release;
		};
/* End XCConfigurationList section */
	};
	rootObject = 83CBB9F71A601CBA00E9B192 /* Project object */;
}
