PODS:
  - "@darron1217_react-native-background-geolocation (0.6.6)":
    - React
  - Base64 (1.1.2)
  - boost-for-react-native (1.63.0)
  - BVLinearGradient (2.6.2):
    - React-Core
  - CodePush (7.0.5):
    - Base64 (~> 1.1)
    - JWT (~> 3.0.0-beta.12)
    - React-Core
    - SSZipArchive (~> 2.2.2)
  - DoubleConversion (1.1.6)
  - FaceSDK (3.1.952):
    - RegulaCommon (= 5.8.59)
  - FBLazyVector (0.65.2)
  - FBReactNativeSpec (0.65.2):
    - RCT-Folly (= 2021.04.26.00)
    - RCTRequired (= 0.65.2)
    - RCTTypeSafety (= 0.65.2)
    - React-Core (= 0.65.2)
    - React-jsi (= 0.65.2)
    - ReactCommon/turbomodule/core (= 0.65.2)
  - Firebase/CoreOnly (8.8.0):
    - FirebaseCore (= 8.8.0)
  - Firebase/Messaging (8.8.0):
    - Firebase/CoreOnly
    - FirebaseMessaging (~> 8.8.0)
  - FirebaseCore (8.8.0):
    - FirebaseCoreDiagnostics (~> 8.0)
    - GoogleUtilities/Environment (~> 7.4)
    - GoogleUtilities/Logger (~> 7.4)
  - FirebaseCoreDiagnostics (8.15.0):
    - GoogleDataTransport (~> 9.1)
    - GoogleUtilities/Environment (~> 7.7)
    - GoogleUtilities/Logger (~> 7.7)
    - nanopb (~> 2.30908.0)
  - FirebaseInstallations (8.15.0):
    - FirebaseCore (~> 8.0)
    - GoogleUtilities/Environment (~> 7.7)
    - GoogleUtilities/UserDefaults (~> 7.7)
    - PromisesObjC (< 3.0, >= 1.2)
  - FirebaseMessaging (8.8.0):
    - FirebaseCore (~> 8.0)
    - FirebaseInstallations (~> 8.0)
    - GoogleDataTransport (~> 9.0)
    - GoogleUtilities/AppDelegateSwizzler (~> 7.4)
    - GoogleUtilities/Environment (~> 7.4)
    - GoogleUtilities/Reachability (~> 7.4)
    - GoogleUtilities/UserDefaults (~> 7.4)
    - nanopb (~> 2.30908.0)
  - fmt (6.2.1)
  - glog (0.3.5)
  - Google-Maps-iOS-Utils (2.1.0):
    - Google-Maps-iOS-Utils/Clustering (= 2.1.0)
    - Google-Maps-iOS-Utils/Geometry (= 2.1.0)
    - Google-Maps-iOS-Utils/Heatmap (= 2.1.0)
    - Google-Maps-iOS-Utils/QuadTree (= 2.1.0)
    - GoogleMaps
  - Google-Maps-iOS-Utils/Clustering (2.1.0):
    - Google-Maps-iOS-Utils/QuadTree
    - GoogleMaps
  - Google-Maps-iOS-Utils/Geometry (2.1.0):
    - GoogleMaps
  - Google-Maps-iOS-Utils/Heatmap (2.1.0):
    - Google-Maps-iOS-Utils/QuadTree
    - GoogleMaps
  - Google-Maps-iOS-Utils/QuadTree (2.1.0):
    - GoogleMaps
  - GoogleDataTransport (9.2.0):
    - GoogleUtilities/Environment (~> 7.7)
    - nanopb (< 2.30910.0, >= 2.30908.0)
    - PromisesObjC (< 3.0, >= 1.2)
  - GoogleMaps (3.5.0):
    - GoogleMaps/Maps (= 3.5.0)
  - GoogleMaps/Base (3.5.0)
  - GoogleMaps/Maps (3.5.0):
    - GoogleMaps/Base
  - GoogleUtilities/AppDelegateSwizzler (7.7.0):
    - GoogleUtilities/Environment
    - GoogleUtilities/Logger
    - GoogleUtilities/Network
  - GoogleUtilities/Environment (7.7.0):
    - PromisesObjC (< 3.0, >= 1.2)
  - GoogleUtilities/Logger (7.7.0):
    - GoogleUtilities/Environment
  - GoogleUtilities/Network (7.7.0):
    - GoogleUtilities/Logger
    - "GoogleUtilities/NSData+zlib"
    - GoogleUtilities/Reachability
  - "GoogleUtilities/NSData+zlib (7.7.0)"
  - GoogleUtilities/Reachability (7.7.0):
    - GoogleUtilities/Logger
  - GoogleUtilities/UserDefaults (7.7.0):
    - GoogleUtilities/Logger
  - JWT (3.0.0-beta.14):
    - Base64 (~> 1.1.2)
  - libwebp (1.2.3):
    - libwebp/demux (= 1.2.3)
    - libwebp/mux (= 1.2.3)
    - libwebp/webp (= 1.2.3)
  - libwebp/demux (1.2.3):
    - libwebp/webp
  - libwebp/mux (1.2.3):
    - libwebp/demux
  - libwebp/webp (1.2.3)
  - lottie-ios (3.2.3)
  - lottie-react-native (4.1.3):
    - lottie-ios (~> 3.2.3)
    - React-Core
  - nanopb (2.30908.0):
    - nanopb/decode (= 2.30908.0)
    - nanopb/encode (= 2.30908.0)
  - nanopb/decode (2.30908.0)
  - nanopb/encode (2.30908.0)
  - Permission-Camera (3.6.1):
    - RNPermissions
  - Permission-LocationAlways (3.6.1):
    - RNPermissions
  - Permission-LocationWhenInUse (3.6.1):
    - RNPermissions
  - PromisesObjC (2.1.1)
  - razorpay-pod (1.2.8)
  - RCT-Folly (2021.04.26.00):
    - boost-for-react-native
    - DoubleConversion
    - fmt (~> 6.2.1)
    - glog
    - RCT-Folly/Default (= 2021.04.26.00)
  - RCT-Folly/Default (2021.04.26.00):
    - boost-for-react-native
    - DoubleConversion
    - fmt (~> 6.2.1)
    - glog
  - RCTRequired (0.65.2)
  - RCTTypeSafety (0.65.2):
    - FBLazyVector (= 0.65.2)
    - RCT-Folly (= 2021.04.26.00)
    - RCTRequired (= 0.65.2)
    - React-Core (= 0.65.2)
  - React (0.65.2):
    - React-Core (= 0.65.2)
    - React-Core/DevSupport (= 0.65.2)
    - React-Core/RCTWebSocket (= 0.65.2)
    - React-RCTActionSheet (= 0.65.2)
    - React-RCTAnimation (= 0.65.2)
    - React-RCTBlob (= 0.65.2)
    - React-RCTImage (= 0.65.2)
    - React-RCTLinking (= 0.65.2)
    - React-RCTNetwork (= 0.65.2)
    - React-RCTSettings (= 0.65.2)
    - React-RCTText (= 0.65.2)
    - React-RCTVibration (= 0.65.2)
  - React-callinvoker (0.65.2)
  - React-Core (0.65.2):
    - glog
    - RCT-Folly (= 2021.04.26.00)
    - React-Core/Default (= 0.65.2)
    - React-cxxreact (= 0.65.2)
    - React-jsi (= 0.65.2)
    - React-jsiexecutor (= 0.65.2)
    - React-perflogger (= 0.65.2)
    - Yoga
  - React-Core/CoreModulesHeaders (0.65.2):
    - glog
    - RCT-Folly (= 2021.04.26.00)
    - React-Core/Default
    - React-cxxreact (= 0.65.2)
    - React-jsi (= 0.65.2)
    - React-jsiexecutor (= 0.65.2)
    - React-perflogger (= 0.65.2)
    - Yoga
  - React-Core/Default (0.65.2):
    - glog
    - RCT-Folly (= 2021.04.26.00)
    - React-cxxreact (= 0.65.2)
    - React-jsi (= 0.65.2)
    - React-jsiexecutor (= 0.65.2)
    - React-perflogger (= 0.65.2)
    - Yoga
  - React-Core/DevSupport (0.65.2):
    - glog
    - RCT-Folly (= 2021.04.26.00)
    - React-Core/Default (= 0.65.2)
    - React-Core/RCTWebSocket (= 0.65.2)
    - React-cxxreact (= 0.65.2)
    - React-jsi (= 0.65.2)
    - React-jsiexecutor (= 0.65.2)
    - React-jsinspector (= 0.65.2)
    - React-perflogger (= 0.65.2)
    - Yoga
  - React-Core/RCTActionSheetHeaders (0.65.2):
    - glog
    - RCT-Folly (= 2021.04.26.00)
    - React-Core/Default
    - React-cxxreact (= 0.65.2)
    - React-jsi (= 0.65.2)
    - React-jsiexecutor (= 0.65.2)
    - React-perflogger (= 0.65.2)
    - Yoga
  - React-Core/RCTAnimationHeaders (0.65.2):
    - glog
    - RCT-Folly (= 2021.04.26.00)
    - React-Core/Default
    - React-cxxreact (= 0.65.2)
    - React-jsi (= 0.65.2)
    - React-jsiexecutor (= 0.65.2)
    - React-perflogger (= 0.65.2)
    - Yoga
  - React-Core/RCTBlobHeaders (0.65.2):
    - glog
    - RCT-Folly (= 2021.04.26.00)
    - React-Core/Default
    - React-cxxreact (= 0.65.2)
    - React-jsi (= 0.65.2)
    - React-jsiexecutor (= 0.65.2)
    - React-perflogger (= 0.65.2)
    - Yoga
  - React-Core/RCTImageHeaders (0.65.2):
    - glog
    - RCT-Folly (= 2021.04.26.00)
    - React-Core/Default
    - React-cxxreact (= 0.65.2)
    - React-jsi (= 0.65.2)
    - React-jsiexecutor (= 0.65.2)
    - React-perflogger (= 0.65.2)
    - Yoga
  - React-Core/RCTLinkingHeaders (0.65.2):
    - glog
    - RCT-Folly (= 2021.04.26.00)
    - React-Core/Default
    - React-cxxreact (= 0.65.2)
    - React-jsi (= 0.65.2)
    - React-jsiexecutor (= 0.65.2)
    - React-perflogger (= 0.65.2)
    - Yoga
  - React-Core/RCTNetworkHeaders (0.65.2):
    - glog
    - RCT-Folly (= 2021.04.26.00)
    - React-Core/Default
    - React-cxxreact (= 0.65.2)
    - React-jsi (= 0.65.2)
    - React-jsiexecutor (= 0.65.2)
    - React-perflogger (= 0.65.2)
    - Yoga
  - React-Core/RCTSettingsHeaders (0.65.2):
    - glog
    - RCT-Folly (= 2021.04.26.00)
    - React-Core/Default
    - React-cxxreact (= 0.65.2)
    - React-jsi (= 0.65.2)
    - React-jsiexecutor (= 0.65.2)
    - React-perflogger (= 0.65.2)
    - Yoga
  - React-Core/RCTTextHeaders (0.65.2):
    - glog
    - RCT-Folly (= 2021.04.26.00)
    - React-Core/Default
    - React-cxxreact (= 0.65.2)
    - React-jsi (= 0.65.2)
    - React-jsiexecutor (= 0.65.2)
    - React-perflogger (= 0.65.2)
    - Yoga
  - React-Core/RCTVibrationHeaders (0.65.2):
    - glog
    - RCT-Folly (= 2021.04.26.00)
    - React-Core/Default
    - React-cxxreact (= 0.65.2)
    - React-jsi (= 0.65.2)
    - React-jsiexecutor (= 0.65.2)
    - React-perflogger (= 0.65.2)
    - Yoga
  - React-Core/RCTWebSocket (0.65.2):
    - glog
    - RCT-Folly (= 2021.04.26.00)
    - React-Core/Default (= 0.65.2)
    - React-cxxreact (= 0.65.2)
    - React-jsi (= 0.65.2)
    - React-jsiexecutor (= 0.65.2)
    - React-perflogger (= 0.65.2)
    - Yoga
  - React-CoreModules (0.65.2):
    - FBReactNativeSpec (= 0.65.2)
    - RCT-Folly (= 2021.04.26.00)
    - RCTTypeSafety (= 0.65.2)
    - React-Core/CoreModulesHeaders (= 0.65.2)
    - React-jsi (= 0.65.2)
    - React-RCTImage (= 0.65.2)
    - ReactCommon/turbomodule/core (= 0.65.2)
  - React-cxxreact (0.65.2):
    - boost-for-react-native (= 1.63.0)
    - DoubleConversion
    - glog
    - RCT-Folly (= 2021.04.26.00)
    - React-callinvoker (= 0.65.2)
    - React-jsi (= 0.65.2)
    - React-jsinspector (= 0.65.2)
    - React-perflogger (= 0.65.2)
    - React-runtimeexecutor (= 0.65.2)
  - React-jsi (0.65.2):
    - boost-for-react-native (= 1.63.0)
    - DoubleConversion
    - glog
    - RCT-Folly (= 2021.04.26.00)
    - React-jsi/Default (= 0.65.2)
  - React-jsi/Default (0.65.2):
    - boost-for-react-native (= 1.63.0)
    - DoubleConversion
    - glog
    - RCT-Folly (= 2021.04.26.00)
  - React-jsiexecutor (0.65.2):
    - DoubleConversion
    - glog
    - RCT-Folly (= 2021.04.26.00)
    - React-cxxreact (= 0.65.2)
    - React-jsi (= 0.65.2)
    - React-perflogger (= 0.65.2)
  - React-jsinspector (0.65.2)
  - react-native-appearance (0.3.4):
    - React
  - react-native-background-actions (2.6.7):
    - React-Core
  - react-native-background-timer (2.4.1):
    - React-Core
  - react-native-camera (4.2.1):
    - React-Core
    - react-native-camera/RCT (= 4.2.1)
    - react-native-camera/RN (= 4.2.1)
  - react-native-camera/RCT (4.2.1):
    - React-Core
  - react-native-camera/RN (4.2.1):
    - React-Core
  - react-native-date-picker (4.2.5):
    - React-Core
  - react-native-device-country (1.0.2):
    - React-Core
  - react-native-document-picker (7.1.3):
    - React-Core
  - react-native-geocoder (0.5.0):
    - React
  - react-native-geolocation (2.1.0):
    - React-Core
  - react-native-geolocation-service (5.3.0):
    - React
  - react-native-google-maps (0.29.4):
    - Google-Maps-iOS-Utils (= 2.1.0)
    - GoogleMaps (= 3.5.0)
    - React-Core
  - react-native-maps (0.29.4):
    - React-Core
  - react-native-netinfo (8.3.1):
    - React-Core
  - react-native-razorpay (2.2.9):
    - razorpay-pod
    - React
  - react-native-restart (0.0.22):
    - React-Core
  - react-native-safe-area-context (3.4.1):
    - React-Core
  - react-native-signature-capture (0.4.12):
    - React
  - react-native-splash-screen (3.3.0):
    - React-Core
  - react-native-webview (11.23.0):
    - React-Core
  - React-perflogger (0.65.2)
  - React-RCTActionSheet (0.65.2):
    - React-Core/RCTActionSheetHeaders (= 0.65.2)
  - React-RCTAnimation (0.65.2):
    - FBReactNativeSpec (= 0.65.2)
    - RCT-Folly (= 2021.04.26.00)
    - RCTTypeSafety (= 0.65.2)
    - React-Core/RCTAnimationHeaders (= 0.65.2)
    - React-jsi (= 0.65.2)
    - ReactCommon/turbomodule/core (= 0.65.2)
  - React-RCTBlob (0.65.2):
    - FBReactNativeSpec (= 0.65.2)
    - RCT-Folly (= 2021.04.26.00)
    - React-Core/RCTBlobHeaders (= 0.65.2)
    - React-Core/RCTWebSocket (= 0.65.2)
    - React-jsi (= 0.65.2)
    - React-RCTNetwork (= 0.65.2)
    - ReactCommon/turbomodule/core (= 0.65.2)
  - React-RCTImage (0.65.2):
    - FBReactNativeSpec (= 0.65.2)
    - RCT-Folly (= 2021.04.26.00)
    - RCTTypeSafety (= 0.65.2)
    - React-Core/RCTImageHeaders (= 0.65.2)
    - React-jsi (= 0.65.2)
    - React-RCTNetwork (= 0.65.2)
    - ReactCommon/turbomodule/core (= 0.65.2)
  - React-RCTLinking (0.65.2):
    - FBReactNativeSpec (= 0.65.2)
    - React-Core/RCTLinkingHeaders (= 0.65.2)
    - React-jsi (= 0.65.2)
    - ReactCommon/turbomodule/core (= 0.65.2)
  - React-RCTNetwork (0.65.2):
    - FBReactNativeSpec (= 0.65.2)
    - RCT-Folly (= 2021.04.26.00)
    - RCTTypeSafety (= 0.65.2)
    - React-Core/RCTNetworkHeaders (= 0.65.2)
    - React-jsi (= 0.65.2)
    - ReactCommon/turbomodule/core (= 0.65.2)
  - React-RCTSettings (0.65.2):
    - FBReactNativeSpec (= 0.65.2)
    - RCT-Folly (= 2021.04.26.00)
    - RCTTypeSafety (= 0.65.2)
    - React-Core/RCTSettingsHeaders (= 0.65.2)
    - React-jsi (= 0.65.2)
    - ReactCommon/turbomodule/core (= 0.65.2)
  - React-RCTText (0.65.2):
    - React-Core/RCTTextHeaders (= 0.65.2)
  - React-RCTVibration (0.65.2):
    - FBReactNativeSpec (= 0.65.2)
    - RCT-Folly (= 2021.04.26.00)
    - React-Core/RCTVibrationHeaders (= 0.65.2)
    - React-jsi (= 0.65.2)
    - ReactCommon/turbomodule/core (= 0.65.2)
  - React-runtimeexecutor (0.65.2):
    - React-jsi (= 0.65.2)
  - ReactCommon/turbomodule/core (0.65.2):
    - DoubleConversion
    - glog
    - RCT-Folly (= 2021.04.26.00)
    - React-callinvoker (= 0.65.2)
    - React-Core (= 0.65.2)
    - React-cxxreact (= 0.65.2)
    - React-jsi (= 0.65.2)
    - React-perflogger (= 0.65.2)
  - ReactNativeDarkMode (0.2.2):
    - React
  - ReactNativeLocalization (2.3.1):
    - React-Core
  - RegulaCommon (5.8.59)
  - rn-fetch-blob (0.12.0):
    - React-Core
  - RNCAsyncStorage (1.17.9):
    - React-Core
  - RNCClipboard (1.5.1):
    - React-Core
  - RNCPushNotificationIOS (1.10.1):
    - React-Core
  - RNDeviceInfo (8.7.1):
    - React-Core
  - RNFaceApi (0.0.38):
    - FaceSDK (= 3.1.952)
    - React
  - RNFastImage (8.5.11):
    - React-Core
    - SDWebImage (~> 5.11.1)
    - SDWebImageWebPCoder (~> 0.8.4)
  - RNFBApp (12.9.3):
    - Firebase/CoreOnly (= 8.8.0)
    - React-Core
  - RNFBMessaging (12.9.3):
    - Firebase/Messaging (= 8.8.0)
    - React-Core
    - RNFBApp
  - RNFS (2.20.0):
    - React-Core
  - RNGestureHandler (1.10.3):
    - React-Core
  - RNImageCropPicker (0.36.4):
    - React-Core
    - React-RCTImage
    - RNImageCropPicker/QBImagePickerController (= 0.36.4)
    - TOCropViewController
  - RNImageCropPicker/QBImagePickerController (0.36.4):
    - React-Core
    - React-RCTImage
    - TOCropViewController
  - RNLocalize (2.2.3):
    - React-Core
  - RNPermissions (3.6.1):
    - React-Core
  - RNReactNativeHapticFeedback (1.14.0):
    - React-Core
  - RNReanimated (1.13.4):
    - React-Core
  - RNScreens (3.16.0):
    - React-Core
    - React-RCTImage
  - RNSVG (12.4.4):
    - React-Core
  - RNZendeskChat (0.4.1):
    - React-Core
    - ZendeskChatSDK (~> 2.9)
  - SDWebImage (5.11.1):
    - SDWebImage/Core (= 5.11.1)
  - SDWebImage/Core (5.11.1)
  - SDWebImageWebPCoder (0.8.5):
    - libwebp (~> 1.0)
    - SDWebImage/Core (~> 5.10)
  - SSZipArchive (2.2.3)
  - Stripe (21.11.1):
    - Stripe/Stripe3DS2 (= 21.11.1)
    - StripeCore (= 21.11.1)
    - StripeUICore (= 21.11.1)
  - stripe-react-native (0.2.4):
    - React-Core
    - Stripe (~> 21.11.1)
  - Stripe/Stripe3DS2 (21.11.1):
    - StripeCore (= 21.11.1)
    - StripeUICore (= 21.11.1)
  - StripeCore (21.11.1)
  - StripeUICore (21.11.1):
    - StripeCore (= 21.11.1)
  - TOCropViewController (2.6.1)
  - Yoga (1.14.0)
  - ZendeskChatProvidersSDK (2.12.0)
  - ZendeskChatSDK (2.12.0):
    - ZendeskChatProvidersSDK (= 2.12.0)
    - ZendeskMessagingSDK (= 3.8.5)
  - ZendeskCommonUISDK (6.1.4)
  - ZendeskMessagingAPISDK (3.8.5):
    - ZendeskSDKConfigurationsSDK (= 1.1.11)
  - ZendeskMessagingSDK (3.8.5):
    - ZendeskCommonUISDK (= 6.1.4)
    - ZendeskMessagingAPISDK (= 3.8.5)
  - ZendeskSDKConfigurationsSDK (1.1.11)

DEPENDENCIES:
  - "@darron1217_react-native-background-geolocation (from `../node_modules/@darron1217/react-native-background-geolocation`)"
  - BVLinearGradient (from `../node_modules/react-native-linear-gradient`)
  - CodePush (from `../node_modules/react-native-code-push`)
  - DoubleConversion (from `../node_modules/react-native/third-party-podspecs/DoubleConversion.podspec`)
  - FBLazyVector (from `../node_modules/react-native/Libraries/FBLazyVector`)
  - FBReactNativeSpec (from `../node_modules/react-native/React/FBReactNativeSpec`)
  - glog (from `../node_modules/react-native/third-party-podspecs/glog.podspec`)
  - lottie-react-native (from `../node_modules/lottie-react-native`)
  - Permission-Camera (from `../node_modules/react-native-permissions/ios/Camera`)
  - Permission-LocationAlways (from `../node_modules/react-native-permissions/ios/LocationAlways`)
  - Permission-LocationWhenInUse (from `../node_modules/react-native-permissions/ios/LocationWhenInUse`)
  - RCT-Folly (from `../node_modules/react-native/third-party-podspecs/RCT-Folly.podspec`)
  - RCTRequired (from `../node_modules/react-native/Libraries/RCTRequired`)
  - RCTTypeSafety (from `../node_modules/react-native/Libraries/TypeSafety`)
  - React (from `../node_modules/react-native/`)
  - React-callinvoker (from `../node_modules/react-native/ReactCommon/callinvoker`)
  - React-Core (from `../node_modules/react-native/`)
  - React-Core/DevSupport (from `../node_modules/react-native/`)
  - React-Core/RCTWebSocket (from `../node_modules/react-native/`)
  - React-CoreModules (from `../node_modules/react-native/React/CoreModules`)
  - React-cxxreact (from `../node_modules/react-native/ReactCommon/cxxreact`)
  - React-jsi (from `../node_modules/react-native/ReactCommon/jsi`)
  - React-jsiexecutor (from `../node_modules/react-native/ReactCommon/jsiexecutor`)
  - React-jsinspector (from `../node_modules/react-native/ReactCommon/jsinspector`)
  - react-native-appearance (from `../node_modules/react-native-appearance`)
  - react-native-background-actions (from `../node_modules/react-native-background-actions`)
  - react-native-background-timer (from `../node_modules/react-native-background-timer`)
  - react-native-camera (from `../node_modules/react-native-camera`)
  - react-native-date-picker (from `../node_modules/react-native-date-picker`)
  - react-native-device-country (from `../node_modules/react-native-device-country`)
  - react-native-document-picker (from `../node_modules/react-native-document-picker`)
  - react-native-geocoder (from `../node_modules/react-native-geocoder`)
  - "react-native-geolocation (from `../node_modules/@react-native-community/geolocation`)"
  - react-native-geolocation-service (from `../node_modules/react-native-geolocation-service`)
  - react-native-google-maps (from `../node_modules/react-native-maps`)
  - react-native-maps (from `../node_modules/react-native-maps`)
  - "react-native-netinfo (from `../node_modules/@react-native-community/netinfo`)"
  - react-native-razorpay (from `../node_modules/react-native-razorpay`)
  - react-native-restart (from `../node_modules/react-native-restart`)
  - react-native-safe-area-context (from `../node_modules/react-native-safe-area-context`)
  - react-native-signature-capture (from `../node_modules/react-native-signature-capture`)
  - react-native-splash-screen (from `../node_modules/react-native-splash-screen`)
  - react-native-webview (from `../node_modules/react-native-webview`)
  - React-perflogger (from `../node_modules/react-native/ReactCommon/reactperflogger`)
  - React-RCTActionSheet (from `../node_modules/react-native/Libraries/ActionSheetIOS`)
  - React-RCTAnimation (from `../node_modules/react-native/Libraries/NativeAnimation`)
  - React-RCTBlob (from `../node_modules/react-native/Libraries/Blob`)
  - React-RCTImage (from `../node_modules/react-native/Libraries/Image`)
  - React-RCTLinking (from `../node_modules/react-native/Libraries/LinkingIOS`)
  - React-RCTNetwork (from `../node_modules/react-native/Libraries/Network`)
  - React-RCTSettings (from `../node_modules/react-native/Libraries/Settings`)
  - React-RCTText (from `../node_modules/react-native/Libraries/Text`)
  - React-RCTVibration (from `../node_modules/react-native/Libraries/Vibration`)
  - React-runtimeexecutor (from `../node_modules/react-native/ReactCommon/runtimeexecutor`)
  - ReactCommon/turbomodule/core (from `../node_modules/react-native/ReactCommon`)
  - ReactNativeDarkMode (from `../node_modules/react-native-dark-mode`)
  - ReactNativeLocalization (from `../node_modules/react-native-localization`)
  - rn-fetch-blob (from `../node_modules/rn-fetch-blob`)
  - "RNCAsyncStorage (from `../node_modules/@react-native-async-storage/async-storage`)"
  - "RNCClipboard (from `../node_modules/@react-native-community/clipboard`)"
  - "RNCPushNotificationIOS (from `../node_modules/@react-native-community/push-notification-ios`)"
  - RNDeviceInfo (from `../node_modules/react-native-device-info`)
  - "RNFaceApi (from `../node_modules/@regulaforensics/react-native-face-api-beta`)"
  - RNFastImage (from `../node_modules/react-native-fast-image`)
  - "RNFBApp (from `../node_modules/@react-native-firebase/app`)"
  - "RNFBMessaging (from `../node_modules/@react-native-firebase/messaging`)"
  - RNFS (from `../node_modules/react-native-fs`)
  - RNGestureHandler (from `../node_modules/react-native-gesture-handler`)
  - RNImageCropPicker (from `../node_modules/react-native-image-crop-picker`)
  - RNLocalize (from `../node_modules/react-native-localize`)
  - RNPermissions (from `../node_modules/react-native-permissions`)
  - RNReactNativeHapticFeedback (from `../node_modules/react-native-haptic-feedback`)
  - RNReanimated (from `../node_modules/react-native-reanimated`)
  - RNScreens (from `../node_modules/react-native-screens`)
  - RNSVG (from `../node_modules/react-native-svg`)
  - RNZendeskChat (from `../node_modules/react-native-zendesk-chat`)
  - "stripe-react-native (from `../node_modules/@stripe/stripe-react-native`)"
  - Yoga (from `../node_modules/react-native/ReactCommon/yoga`)
  - ZendeskChatProvidersSDK
  - ZendeskChatSDK

SPEC REPOS:
  trunk:
    - Base64
    - boost-for-react-native
    - FaceSDK
    - Firebase
    - FirebaseCore
    - FirebaseCoreDiagnostics
    - FirebaseInstallations
    - FirebaseMessaging
    - fmt
    - Google-Maps-iOS-Utils
    - GoogleDataTransport
    - GoogleMaps
    - GoogleUtilities
    - JWT
    - libwebp
    - lottie-ios
    - nanopb
    - PromisesObjC
    - razorpay-pod
    - RegulaCommon
    - SDWebImage
    - SDWebImageWebPCoder
    - SSZipArchive
    - Stripe
    - StripeCore
    - StripeUICore
    - TOCropViewController
    - ZendeskChatProvidersSDK
    - ZendeskChatSDK
    - ZendeskCommonUISDK
    - ZendeskMessagingAPISDK
    - ZendeskMessagingSDK
    - ZendeskSDKConfigurationsSDK

EXTERNAL SOURCES:
  "@darron1217_react-native-background-geolocation":
    :path: "../node_modules/@darron1217/react-native-background-geolocation"
  BVLinearGradient:
    :path: "../node_modules/react-native-linear-gradient"
  CodePush:
    :path: "../node_modules/react-native-code-push"
  DoubleConversion:
    :podspec: "../node_modules/react-native/third-party-podspecs/DoubleConversion.podspec"
  FBLazyVector:
    :path: "../node_modules/react-native/Libraries/FBLazyVector"
  FBReactNativeSpec:
    :path: "../node_modules/react-native/React/FBReactNativeSpec"
  glog:
    :podspec: "../node_modules/react-native/third-party-podspecs/glog.podspec"
  lottie-react-native:
    :path: "../node_modules/lottie-react-native"
  Permission-Camera:
    :path: "../node_modules/react-native-permissions/ios/Camera"
  Permission-LocationAlways:
    :path: "../node_modules/react-native-permissions/ios/LocationAlways"
  Permission-LocationWhenInUse:
    :path: "../node_modules/react-native-permissions/ios/LocationWhenInUse"
  RCT-Folly:
    :podspec: "../node_modules/react-native/third-party-podspecs/RCT-Folly.podspec"
  RCTRequired:
    :path: "../node_modules/react-native/Libraries/RCTRequired"
  RCTTypeSafety:
    :path: "../node_modules/react-native/Libraries/TypeSafety"
  React:
    :path: "../node_modules/react-native/"
  React-callinvoker:
    :path: "../node_modules/react-native/ReactCommon/callinvoker"
  React-Core:
    :path: "../node_modules/react-native/"
  React-CoreModules:
    :path: "../node_modules/react-native/React/CoreModules"
  React-cxxreact:
    :path: "../node_modules/react-native/ReactCommon/cxxreact"
  React-jsi:
    :path: "../node_modules/react-native/ReactCommon/jsi"
  React-jsiexecutor:
    :path: "../node_modules/react-native/ReactCommon/jsiexecutor"
  React-jsinspector:
    :path: "../node_modules/react-native/ReactCommon/jsinspector"
  react-native-appearance:
    :path: "../node_modules/react-native-appearance"
  react-native-background-actions:
    :path: "../node_modules/react-native-background-actions"
  react-native-background-timer:
    :path: "../node_modules/react-native-background-timer"
  react-native-camera:
    :path: "../node_modules/react-native-camera"
  react-native-date-picker:
    :path: "../node_modules/react-native-date-picker"
  react-native-device-country:
    :path: "../node_modules/react-native-device-country"
  react-native-document-picker:
    :path: "../node_modules/react-native-document-picker"
  react-native-geocoder:
    :path: "../node_modules/react-native-geocoder"
  react-native-geolocation:
    :path: "../node_modules/@react-native-community/geolocation"
  react-native-geolocation-service:
    :path: "../node_modules/react-native-geolocation-service"
  react-native-google-maps:
    :path: "../node_modules/react-native-maps"
  react-native-maps:
    :path: "../node_modules/react-native-maps"
  react-native-netinfo:
    :path: "../node_modules/@react-native-community/netinfo"
  react-native-razorpay:
    :path: "../node_modules/react-native-razorpay"
  react-native-restart:
    :path: "../node_modules/react-native-restart"
  react-native-safe-area-context:
    :path: "../node_modules/react-native-safe-area-context"
  react-native-signature-capture:
    :path: "../node_modules/react-native-signature-capture"
  react-native-splash-screen:
    :path: "../node_modules/react-native-splash-screen"
  react-native-webview:
    :path: "../node_modules/react-native-webview"
  React-perflogger:
    :path: "../node_modules/react-native/ReactCommon/reactperflogger"
  React-RCTActionSheet:
    :path: "../node_modules/react-native/Libraries/ActionSheetIOS"
  React-RCTAnimation:
    :path: "../node_modules/react-native/Libraries/NativeAnimation"
  React-RCTBlob:
    :path: "../node_modules/react-native/Libraries/Blob"
  React-RCTImage:
    :path: "../node_modules/react-native/Libraries/Image"
  React-RCTLinking:
    :path: "../node_modules/react-native/Libraries/LinkingIOS"
  React-RCTNetwork:
    :path: "../node_modules/react-native/Libraries/Network"
  React-RCTSettings:
    :path: "../node_modules/react-native/Libraries/Settings"
  React-RCTText:
    :path: "../node_modules/react-native/Libraries/Text"
  React-RCTVibration:
    :path: "../node_modules/react-native/Libraries/Vibration"
  React-runtimeexecutor:
    :path: "../node_modules/react-native/ReactCommon/runtimeexecutor"
  ReactCommon:
    :path: "../node_modules/react-native/ReactCommon"
  ReactNativeDarkMode:
    :path: "../node_modules/react-native-dark-mode"
  ReactNativeLocalization:
    :path: "../node_modules/react-native-localization"
  rn-fetch-blob:
    :path: "../node_modules/rn-fetch-blob"
  RNCAsyncStorage:
    :path: "../node_modules/@react-native-async-storage/async-storage"
  RNCClipboard:
    :path: "../node_modules/@react-native-community/clipboard"
  RNCPushNotificationIOS:
    :path: "../node_modules/@react-native-community/push-notification-ios"
  RNDeviceInfo:
    :path: "../node_modules/react-native-device-info"
  RNFaceApi:
    :path: "../node_modules/@regulaforensics/react-native-face-api-beta"
  RNFastImage:
    :path: "../node_modules/react-native-fast-image"
  RNFBApp:
    :path: "../node_modules/@react-native-firebase/app"
  RNFBMessaging:
    :path: "../node_modules/@react-native-firebase/messaging"
  RNFS:
    :path: "../node_modules/react-native-fs"
  RNGestureHandler:
    :path: "../node_modules/react-native-gesture-handler"
  RNImageCropPicker:
    :path: "../node_modules/react-native-image-crop-picker"
  RNLocalize:
    :path: "../node_modules/react-native-localize"
  RNPermissions:
    :path: "../node_modules/react-native-permissions"
  RNReactNativeHapticFeedback:
    :path: "../node_modules/react-native-haptic-feedback"
  RNReanimated:
    :path: "../node_modules/react-native-reanimated"
  RNScreens:
    :path: "../node_modules/react-native-screens"
  RNSVG:
    :path: "../node_modules/react-native-svg"
  RNZendeskChat:
    :path: "../node_modules/react-native-zendesk-chat"
  stripe-react-native:
    :path: "../node_modules/@stripe/stripe-react-native"
  Yoga:
    :path: "../node_modules/react-native/ReactCommon/yoga"

SPEC CHECKSUMS:
  "@darron1217_react-native-background-geolocation": c95c3a183a938b39c4d7c8bea3b9cbe4b03e8766
  Base64: cecfb41a004124895a7bcee567a89bae5a89d49b
  boost-for-react-native: 39c7adb57c4e60d6c5479dd8623128eb5b3f0f2c
  BVLinearGradient: 34a999fda29036898a09c6a6b728b0b4189e1a44
  CodePush: ef496b6fd053012e985e3d4a0ab9f9dbf2739eac
  DoubleConversion: 831926d9b8bf8166fd87886c4abab286c2422662
  FaceSDK: 05b4ce8a531d449dc18414759a6642aa083c20a4
  FBLazyVector: da2f5e2c1244ccd895cd1c9e30284a6140d757cb
  FBReactNativeSpec: fe46c577739a1b11991fd671109bf1d7380cafd0
  Firebase: 629510f1a9ddb235f3a7c5c8ceb23ba887f0f814
  FirebaseCore: 98b29e3828f0a53651c363937a7f7d92a19f1ba2
  FirebaseCoreDiagnostics: 92e07a649aeb66352b319d43bdd2ee3942af84cb
  FirebaseInstallations: 40bd9054049b2eae9a2c38ef1c3dd213df3605cd
  FirebaseMessaging: 419b5c9d84f294a753c6501d8cfb9ced1ce37304
  fmt: ff9d55029c625d3757ed641535fd4a75fedc7ce9
  glog: 5337263514dd6f09803962437687240c5dc39aa4
  Google-Maps-iOS-Utils: c32891ff472eaaa1fca032beedafa1a013af7875
  GoogleDataTransport: 1c8145da7117bd68bbbed00cf304edb6a24de00f
  GoogleMaps: 32ca02de09de357a10ac773f2c70f1986751392d
  GoogleUtilities: e0913149f6b0625b553d70dae12b49fc62914fd1
  JWT: ef71dfb03e1f842081e64dc42eef0e164f35d251
  libwebp: 60305b2e989864154bd9be3d772730f08fc6a59c
  lottie-ios: c058aeafa76daa4cf64d773554bccc8385d0150e
  lottie-react-native: b561920bba7ec727ec94a473b683cffba00faece
  nanopb: a0ba3315591a9ae0a16a309ee504766e90db0c96
  Permission-Camera: bf6791b17c7f614b6826019fcfdcc286d3a107f6
  Permission-LocationAlways: 8d99b025c9f73c696e0cdb367e42525f2e9a26f2
  Permission-LocationWhenInUse: 3ba99e45c852763f730eabecec2870c2382b7bd4
  PromisesObjC: ab77feca74fa2823e7af4249b8326368e61014cb
  razorpay-pod: 3ec6fe82e7d5927013cfbbef81a880188c86b077
  RCT-Folly: 0dd9e1eb86348ecab5ba76f910b56f4b5fef3c46
  RCTRequired: 1b65ab453de585b0f939824780bd26cdf6fb07f8
  RCTTypeSafety: 31f76e2d6734fe3c8084ac9d39201c4a1a3c5b42
  React: 835539d198c491e192baee943dbc8e33201caf71
  React-callinvoker: ec20c8308090a0559d85daa78dab462a439878eb
  React-Core: 193d340a2d8ee3df13fc81f6642666ab549f4421
  React-CoreModules: eee461adb783d86d02fe918983c56b8c61747414
  React-cxxreact: 04f25cc29a8ad807da4ad11496ff75c2880c2bbc
  React-jsi: 29873f0fc48b330fbdd159f09df6d88e69c0f7dd
  React-jsiexecutor: 0fe3300621eb92ce5ae573560a88d24eb8818392
  React-jsinspector: d6addf5799e8dbf9d27b3191810225f0276dfb2d
  react-native-appearance: 0f0e5fc2fcef70e03d48c8fe6b00b9158c2ba8aa
  react-native-background-actions: 2c251c986f23347f9c1722f05fd296938f60edb1
  react-native-background-timer: 17ea5e06803401a379ebf1f20505b793ac44d0fe
  react-native-camera: 3eae183c1d111103963f3dd913b65d01aef8110f
  react-native-date-picker: 55193347d8d0f40948f441ffd4e5db6f0a8fbe13
  react-native-device-country: 86affc8758023ca82e2f461eb30d11da31415c95
  react-native-document-picker: ec07866a30707f23660c0f3ae591d669d3e89096
  react-native-geocoder: 757427682892bb256f3b3745858cc90eba148a8e
  react-native-geolocation: 69f4fd37650b8e7fee91816d395e62dd16f5ab8d
  react-native-geolocation-service: f32ef48fa665bd710207a3ac39bc127cac9cb993
  react-native-google-maps: 34517207071d54f3bc23c68752bbec0217bfc79e
  react-native-maps: a421fe6aeb74279597c4ea9598f25796108e2d89
  react-native-netinfo: 1a6035d3b9780221d407c277ebfb5722ace00658
  react-native-razorpay: 6d613f3464a509e3a4bb5b9ca43b70013b3d96d4
  react-native-restart: 733a51ad137f15b0f8dc34c4082e55af7da00979
  react-native-safe-area-context: 9e40fb181dac02619414ba1294d6c2a807056ab9
  react-native-signature-capture: 416a3947684e049a5b012cdd6496f878dc797f16
  react-native-splash-screen: 4312f786b13a81b5169ef346d76d33bc0c6dc457
  react-native-webview: e771bc375f789ebfa02a26939a57dbc6fa897336
  React-perflogger: 939564c838f8b6ec099b4f858559f0f406c99745
  React-RCTActionSheet: b5135d36ee35ebd883c4fe043db7bd8cbba7516e
  React-RCTAnimation: 93aeefce33bb73f8d82132d7a362819676e1d1e4
  React-RCTBlob: b18d6be433c207cff2e91883ff8de611c189038b
  React-RCTImage: 6640014085834dccf32c7ab276321db008830d28
  React-RCTLinking: ebefa580d6112239a81c26169170ff6c0787ecf7
  React-RCTNetwork: b9c9ec9d63272a580c0a7132c7c969ffb34c0b72
  React-RCTSettings: 32b99076fef72bc7aa46b7ec6196bba406bfbaa7
  React-RCTText: 4873ae2139238f537ee64a620718a1dde0aa454c
  React-RCTVibration: ccbce3086f3a296f2773d1d4feb7d4e56b0d5737
  React-runtimeexecutor: 5bedf6e704373fe9f0cc54aa35a112e5b0051b94
  ReactCommon: bf5dc45e9ec73a75f00de565f2519d6f8594ddf5
  ReactNativeDarkMode: 0178ffca3b10f6a7c9f49d6f9810232b328fa949
  ReactNativeLocalization: 076497d7ca70341c751cd3b3e7c86187332a182d
  RegulaCommon: 601c50267470f36652f94174e87d79b8a0608af2
  rn-fetch-blob: f065bb7ab7fb48dd002629f8bdcb0336602d3cba
  RNCAsyncStorage: b2489b49e38c85e10ed45a888d13a2a4c7b32ea1
  RNCClipboard: 41d8d918092ae8e676f18adada19104fa3e68495
  RNCPushNotificationIOS: 87b8d16d3ede4532745e05b03c42cff33a36cc45
  RNDeviceInfo: aad3c663b25752a52bf8fce93f2354001dd185aa
  RNFaceApi: 23d4cfd4fd05eec5b55c2a260f8b4189037eb136
  RNFastImage: 1f2cab428712a4baaf78d6169eaec7f622556dd7
  RNFBApp: 729c0666395b1953198dc4a1ec6deb8fbe1c302e
  RNFBMessaging: 8415ec196e5c1196caa26ec0742cdb48ed4d0f97
  RNFS: 4ac0f0ea233904cb798630b3c077808c06931688
  RNGestureHandler: a479ebd5ed4221a810967000735517df0d2db211
  RNImageCropPicker: 73891a709e6fd8a47d32104d942757971f220aee
  RNLocalize: a64514b46a01375fdfae9349036b4dc7130333b5
  RNPermissions: dcdb7b99796bbeda6975a6e79ad519c41b251b1c
  RNReactNativeHapticFeedback: 1e3efeca9628ff9876ee7cdd9edec1b336913f8c
  RNReanimated: c1b56d030d1616239861534d9adb531f8cffab68
  RNScreens: ee31ecdf23fe81e93c74feaa086cf173d758ab58
  RNSVG: ecd661f380a07ba690c9c5929c475a44f432d674
  RNZendeskChat: c3835f664be1746b121b69736d5c95e236cae382
  SDWebImage: a7f831e1a65eb5e285e3fb046a23fcfbf08e696d
  SDWebImageWebPCoder: 908b83b6adda48effe7667cd2b7f78c897e5111d
  SSZipArchive: 62d4947b08730e4cda640473b0066d209ff033c9
  Stripe: f2bed8369154c35c8ec794704e042e05240d6f21
  stripe-react-native: 2ba5ddd91db057546757ad88bea950d9bfd4cacc
  StripeCore: 36571be19dae15e90c8ad47e1af45712aea93f5a
  StripeUICore: 1b32566d6a69581be786609a032872b0fb5a6823
  TOCropViewController: edfd4f25713d56905ad1e0b9f5be3fbe0f59c863
  Yoga: e6db7a0be0e80eeb70c04663605e4f6a050ab013
  ZendeskChatProvidersSDK: b3f5a914ed9d518770c994f0f04683952087b00a
  ZendeskChatSDK: 12fbe34d67b73895882786736329236e7e092b67
  ZendeskCommonUISDK: ba160fe413b491af9e7bfcb9808afcd494dc83a5
  ZendeskMessagingAPISDK: 410f9bcf07c79fe98d6f251da102368d6b356c54
  ZendeskMessagingSDK: 95d396c981dacfab83cc7b9736e8561d51a3052b
  ZendeskSDKConfigurationsSDK: ebced171fd1f4eb57760e8537d8cfa6a450122be

PODFILE CHECKSUM: c2e89b284e07a59dd4a80e29ecf5718f71341b75

COCOAPODS: 1.11.3
